// !$*UTF8*$!
{
	archiveVersion = 1;
	classes = {
	};
	objectVersion = 46;
	objects = {

/* Begin PBXBuildFile section */
		4E21290116151440003290E9 /* MG_LoopScrollView.m in Sources */ = {isa = PBXBuildFile; fileRef = 4E21290016151440003290E9 /* MG_LoopScrollView.m */; };
		4E25A9AF160AD7D7003A8ECB /* UILoopScrollView.m in Sources */ = {isa = PBXBuildFile; fileRef = 4E25A9AE160AD7D7003A8ECB /* UILoopScrollView.m */; };
		4E2A7028160A7059007AC03B /* part_body_blur_0001.png in Resources */ = {isa = PBXBuildFile; fileRef = 4E2A7003160A7059007AC03B /* part_body_blur_0001.png */; };
		4E2A7029160A7059007AC03B /* part_body_blur_0002.png in Resources */ = {isa = PBXBuildFile; fileRef = 4E2A7004160A7059007AC03B /* part_body_blur_0002.png */; };
		4E2A702A160A7059007AC03B /* part_body_blur_0003.png in Resources */ = {isa = PBXBuildFile; fileRef = 4E2A7005160A7059007AC03B /* part_body_blur_0003.png */; };
		4E2A702B160A7059007AC03B /* part_body_blur_0004.png in Resources */ = {isa = PBXBuildFile; fileRef = 4E2A7006160A7059007AC03B /* part_body_blur_0004.png */; };
		4E2A702C160A7059007AC03B /* part_body_blur_0005.png in Resources */ = {isa = PBXBuildFile; fileRef = 4E2A7007160A7059007AC03B /* part_body_blur_0005.png */; };
		4E2A702D160A7059007AC03B /* part_body_blur_0006.png in Resources */ = {isa = PBXBuildFile; fileRef = 4E2A7008160A7059007AC03B /* part_body_blur_0006.png */; };
		4E2A702E160A7059007AC03B /* part_feet_blur_0001.png in Resources */ = {isa = PBXBuildFile; fileRef = 4E2A7009160A7059007AC03B /* part_feet_blur_0001.png */; };
		4E2A702F160A7059007AC03B /* part_feet_blur_0002.png in Resources */ = {isa = PBXBuildFile; fileRef = 4E2A700A160A7059007AC03B /* part_feet_blur_0002.png */; };
		4E2A7030160A7059007AC03B /* part_feet_blur_0003.png in Resources */ = {isa = PBXBuildFile; fileRef = 4E2A700B160A7059007AC03B /* part_feet_blur_0003.png */; };
		4E2A7031160A7059007AC03B /* part_feet_blur_0004.png in Resources */ = {isa = PBXBuildFile; fileRef = 4E2A700C160A7059007AC03B /* part_feet_blur_0004.png */; };
		4E2A7032160A7059007AC03B /* part_feet_blur_0005.png in Resources */ = {isa = PBXBuildFile; fileRef = 4E2A700D160A7059007AC03B /* part_feet_blur_0005.png */; };
		4E2A7033160A7059007AC03B /* part_feet_blur_0006.png in Resources */ = {isa = PBXBuildFile; fileRef = 4E2A700E160A7059007AC03B /* part_feet_blur_0006.png */; };
		4E2A7034160A7059007AC03B /* part_head_blur_0001.png in Resources */ = {isa = PBXBuildFile; fileRef = 4E2A700F160A7059007AC03B /* part_head_blur_0001.png */; };
		4E2A7035160A7059007AC03B /* part_head_blur_0002.png in Resources */ = {isa = PBXBuildFile; fileRef = 4E2A7010160A7059007AC03B /* part_head_blur_0002.png */; };
		4E2A7036160A7059007AC03B /* part_head_blur_0003.png in Resources */ = {isa = PBXBuildFile; fileRef = 4E2A7011160A7059007AC03B /* part_head_blur_0003.png */; };
		4E2A7037160A7059007AC03B /* part_head_blur_0004.png in Resources */ = {isa = PBXBuildFile; fileRef = 4E2A7012160A7059007AC03B /* part_head_blur_0004.png */; };
		4E2A7038160A7059007AC03B /* part_head_blur_0005.png in Resources */ = {isa = PBXBuildFile; fileRef = 4E2A7013160A7059007AC03B /* part_head_blur_0005.png */; };
		4E2A7039160A7059007AC03B /* part_head_blur_0006.png in Resources */ = {isa = PBXBuildFile; fileRef = 4E2A7014160A7059007AC03B /* part_head_blur_0006.png */; };
		4E2A703A160A7059007AC03B /* part_body_0001.png in Resources */ = {isa = PBXBuildFile; fileRef = 4E2A7016160A7059007AC03B /* part_body_0001.png */; };
		4E2A703B160A7059007AC03B /* part_body_0002.png in Resources */ = {isa = PBXBuildFile; fileRef = 4E2A7017160A7059007AC03B /* part_body_0002.png */; };
		4E2A703C160A7059007AC03B /* part_body_0003.png in Resources */ = {isa = PBXBuildFile; fileRef = 4E2A7018160A7059007AC03B /* part_body_0003.png */; };
		4E2A703D160A7059007AC03B /* part_body_0004.png in Resources */ = {isa = PBXBuildFile; fileRef = 4E2A7019160A7059007AC03B /* part_body_0004.png */; };
		4E2A703E160A7059007AC03B /* part_body_0005.png in Resources */ = {isa = PBXBuildFile; fileRef = 4E2A701A160A7059007AC03B /* part_body_0005.png */; };
		4E2A703F160A7059007AC03B /* part_body_0006.png in Resources */ = {isa = PBXBuildFile; fileRef = 4E2A701B160A7059007AC03B /* part_body_0006.png */; };
		4E2A7040160A7059007AC03B /* part_feet_0001.png in Resources */ = {isa = PBXBuildFile; fileRef = 4E2A701C160A7059007AC03B /* part_feet_0001.png */; };
		4E2A7041160A7059007AC03B /* part_feet_0002.png in Resources */ = {isa = PBXBuildFile; fileRef = 4E2A701D160A7059007AC03B /* part_feet_0002.png */; };
		4E2A7042160A7059007AC03B /* part_feet_0003.png in Resources */ = {isa = PBXBuildFile; fileRef = 4E2A701E160A7059007AC03B /* part_feet_0003.png */; };
		4E2A7043160A7059007AC03B /* part_feet_0004.png in Resources */ = {isa = PBXBuildFile; fileRef = 4E2A701F160A7059007AC03B /* part_feet_0004.png */; };
		4E2A7044160A7059007AC03B /* part_feet_0005.png in Resources */ = {isa = PBXBuildFile; fileRef = 4E2A7020160A7059007AC03B /* part_feet_0005.png */; };
		4E2A7045160A7059007AC03B /* part_feet_0006.png in Resources */ = {isa = PBXBuildFile; fileRef = 4E2A7021160A7059007AC03B /* part_feet_0006.png */; };
		4E2A7046160A7059007AC03B /* part_head_0001.png in Resources */ = {isa = PBXBuildFile; fileRef = 4E2A7022160A7059007AC03B /* part_head_0001.png */; };
		4E2A7047160A7059007AC03B /* part_head_0002.png in Resources */ = {isa = PBXBuildFile; fileRef = 4E2A7023160A7059007AC03B /* part_head_0002.png */; };
		4E2A7048160A7059007AC03B /* part_head_0003.png in Resources */ = {isa = PBXBuildFile; fileRef = 4E2A7024160A7059007AC03B /* part_head_0003.png */; };
		4E2A7049160A7059007AC03B /* part_head_0004.png in Resources */ = {isa = PBXBuildFile; fileRef = 4E2A7025160A7059007AC03B /* part_head_0004.png */; };
		4E2A704A160A7059007AC03B /* part_head_0005.png in Resources */ = {isa = PBXBuildFile; fileRef = 4E2A7026160A7059007AC03B /* part_head_0005.png */; };
		4E2A704B160A7059007AC03B /* part_head_0006.png in Resources */ = {isa = PBXBuildFile; fileRef = 4E2A7027160A7059007AC03B /* part_head_0006.png */; };
		4E3BA1EA160AC40A003AF9B3 /* Default-568h@2x.png in Resources */ = {isa = PBXBuildFile; fileRef = 4E3BA1E9160AC40A003AF9B3 /* Default-568h@2x.png */; };
		4E60E3E4160ACFAF003476EC /* app-icon-ipad@2x.png in Resources */ = {isa = PBXBuildFile; fileRef = 4E60E3E3160ACFAF003476EC /* app-icon-ipad@2x.png */; };
		4E60E3E6160ACFCB003476EC /* app-icon-ipad.png in Resources */ = {isa = PBXBuildFile; fileRef = 4E60E3E5160ACFCB003476EC /* app-icon-ipad.png */; };
		4E60E3E8160ACFFE003476EC /* app-icon-iphone@2x.png in Resources */ = {isa = PBXBuildFile; fileRef = 4E60E3E7160ACFFE003476EC /* app-icon-iphone@2x.png */; };
		4E60E3ED160AD0F6003476EC /* background_0001.png in Resources */ = {isa = PBXBuildFile; fileRef = 4E60E3E9160AD0BD003476EC /* background_0001.png */; };
		4E60E3EE160AD0F6003476EC /* background_0002.png in Resources */ = {isa = PBXBuildFile; fileRef = 4E60E3EA160AD0BD003476EC /* background_0002.png */; };
		4E8810AA160A904200578D34 /* Default.png in Resources */ = {isa = PBXBuildFile; fileRef = 4E8810A9160A904200578D34 /* Default.png */; };
		4E8810AD160A90C900578D34 /* app-icon@2x.png in Resources */ = {isa = PBXBuildFile; fileRef = 4E8810AC160A90C900578D34 /* app-icon@2x.png */; };
		4E8810AF160A90CC00578D34 /* app-icon@1x.png in Resources */ = {isa = PBXBuildFile; fileRef = 4E8810AE160A90CC00578D34 /* app-icon@1x.png */; };
		4E898C2515FA989D000E9677 /* UIKit.framework in Frameworks */ = {isa = PBXBuildFile; fileRef = 4E898C2415FA989D000E9677 /* UIKit.framework */; };
		4E898C2715FA989D000E9677 /* Foundation.framework in Frameworks */ = {isa = PBXBuildFile; fileRef = 4E898C2615FA989D000E9677 /* Foundation.framework */; };
		4E898C2915FA989D000E9677 /* CoreGraphics.framework in Frameworks */ = {isa = PBXBuildFile; fileRef = 4E898C2815FA989D000E9677 /* CoreGraphics.framework */; };
		4E898C2F15FA989D000E9677 /* InfoPlist.strings in Resources */ = {isa = PBXBuildFile; fileRef = 4E898C2D15FA989D000E9677 /* InfoPlist.strings */; };
		4E898C3115FA989D000E9677 /* main.m in Sources */ = {isa = PBXBuildFile; fileRef = 4E898C3015FA989D000E9677 /* main.m */; };
		4E898C3515FA989D000E9677 /* AppDelegate.m in Sources */ = {isa = PBXBuildFile; fileRef = 4E898C3415FA989D000E9677 /* AppDelegate.m */; };
		4E898C3815FA989D000E9677 /* MainStoryboard_iPhone.storyboard in Resources */ = {isa = PBXBuildFile; fileRef = 4E898C3615FA989D000E9677 /* MainStoryboard_iPhone.storyboard */; };
		4E898C3B15FA989D000E9677 /* MainStoryboard_iPad.storyboard in Resources */ = {isa = PBXBuildFile; fileRef = 4E898C3915FA989D000E9677 /* MainStoryboard_iPad.storyboard */; };
		4E898C3E15FA989D000E9677 /* MainViewController.m in Sources */ = {isa = PBXBuildFile; fileRef = 4E898C3D15FA989D000E9677 /* MainViewController.m */; };
		4E898C4115FA989D000E9677 /* FlipsideViewController.m in Sources */ = {isa = PBXBuildFile; fileRef = 4E898C4015FA989D000E9677 /* FlipsideViewController.m */; };
/* End PBXBuildFile section */

/* Begin PBXFileReference section */
		4E2128FF16151440003290E9 /* MG_LoopScrollView.h */ = {isa = PBXFileReference; fileEncoding = 4; lastKnownFileType = sourcecode.c.h; path = MG_LoopScrollView.h; sourceTree = "<group>"; };
		4E21290016151440003290E9 /* MG_LoopScrollView.m */ = {isa = PBXFileReference; fileEncoding = 4; lastKnownFileType = sourcecode.c.objc; path = MG_LoopScrollView.m; sourceTree = "<group>"; };
		4E25A9AD160AD7D7003A8ECB /* UILoopScrollView.h */ = {isa = PBXFileReference; fileEncoding = 4; lastKnownFileType = sourcecode.c.h; path = UILoopScrollView.h; sourceTree = "<group>"; };
		4E25A9AE160AD7D7003A8ECB /* UILoopScrollView.m */ = {isa = PBXFileReference; fileEncoding = 4; lastKnownFileType = sourcecode.c.objc; path = UILoopScrollView.m; sourceTree = "<group>"; };
		4E2A7003160A7059007AC03B /* part_body_blur_0001.png */ = {isa = PBXFileReference; lastKnownFileType = image.png; path = part_body_blur_0001.png; sourceTree = "<group>"; };
		4E2A7004160A7059007AC03B /* part_body_blur_0002.png */ = {isa = PBXFileReference; lastKnownFileType = image.png; path = part_body_blur_0002.png; sourceTree = "<group>"; };
		4E2A7005160A7059007AC03B /* part_body_blur_0003.png */ = {isa = PBXFileReference; lastKnownFileType = image.png; path = part_body_blur_0003.png; sourceTree = "<group>"; };
		4E2A7006160A7059007AC03B /* part_body_blur_0004.png */ = {isa = PBXFileReference; lastKnownFileType = image.png; path = part_body_blur_0004.png; sourceTree = "<group>"; };
		4E2A7007160A7059007AC03B /* part_body_blur_0005.png */ = {isa = PBXFileReference; lastKnownFileType = image.png; path = part_body_blur_0005.png; sourceTree = "<group>"; };
		4E2A7008160A7059007AC03B /* part_body_blur_0006.png */ = {isa = PBXFileReference; lastKnownFileType = image.png; path = part_body_blur_0006.png; sourceTree = "<group>"; };
		4E2A7009160A7059007AC03B /* part_feet_blur_0001.png */ = {isa = PBXFileReference; lastKnownFileType = image.png; path = part_feet_blur_0001.png; sourceTree = "<group>"; };
		4E2A700A160A7059007AC03B /* part_feet_blur_0002.png */ = {isa = PBXFileReference; lastKnownFileType = image.png; path = part_feet_blur_0002.png; sourceTree = "<group>"; };
		4E2A700B160A7059007AC03B /* part_feet_blur_0003.png */ = {isa = PBXFileReference; lastKnownFileType = image.png; path = part_feet_blur_0003.png; sourceTree = "<group>"; };
		4E2A700C160A7059007AC03B /* part_feet_blur_0004.png */ = {isa = PBXFileReference; lastKnownFileType = image.png; path = part_feet_blur_0004.png; sourceTree = "<group>"; };
		4E2A700D160A7059007AC03B /* part_feet_blur_0005.png */ = {isa = PBXFileReference; lastKnownFileType = image.png; path = part_feet_blur_0005.png; sourceTree = "<group>"; };
		4E2A700E160A7059007AC03B /* part_feet_blur_0006.png */ = {isa = PBXFileReference; lastKnownFileType = image.png; path = part_feet_blur_0006.png; sourceTree = "<group>"; };
		4E2A700F160A7059007AC03B /* part_head_blur_0001.png */ = {isa = PBXFileReference; lastKnownFileType = image.png; path = part_head_blur_0001.png; sourceTree = "<group>"; };
		4E2A7010160A7059007AC03B /* part_head_blur_0002.png */ = {isa = PBXFileReference; lastKnownFileType = image.png; path = part_head_blur_0002.png; sourceTree = "<group>"; };
		4E2A7011160A7059007AC03B /* part_head_blur_0003.png */ = {isa = PBXFileReference; lastKnownFileType = image.png; path = part_head_blur_0003.png; sourceTree = "<group>"; };
		4E2A7012160A7059007AC03B /* part_head_blur_0004.png */ = {isa = PBXFileReference; lastKnownFileType = image.png; path = part_head_blur_0004.png; sourceTree = "<group>"; };
		4E2A7013160A7059007AC03B /* part_head_blur_0005.png */ = {isa = PBXFileReference; lastKnownFileType = image.png; path = part_head_blur_0005.png; sourceTree = "<group>"; };
		4E2A7014160A7059007AC03B /* part_head_blur_0006.png */ = {isa = PBXFileReference; lastKnownFileType = image.png; path = part_head_blur_0006.png; sourceTree = "<group>"; };
		4E2A7016160A7059007AC03B /* part_body_0001.png */ = {isa = PBXFileReference; lastKnownFileType = image.png; path = part_body_0001.png; sourceTree = "<group>"; };
		4E2A7017160A7059007AC03B /* part_body_0002.png */ = {isa = PBXFileReference; lastKnownFileType = image.png; path = part_body_0002.png; sourceTree = "<group>"; };
		4E2A7018160A7059007AC03B /* part_body_0003.png */ = {isa = PBXFileReference; lastKnownFileType = image.png; path = part_body_0003.png; sourceTree = "<group>"; };
		4E2A7019160A7059007AC03B /* part_body_0004.png */ = {isa = PBXFileReference; lastKnownFileType = image.png; path = part_body_0004.png; sourceTree = "<group>"; };
		4E2A701A160A7059007AC03B /* part_body_0005.png */ = {isa = PBXFileReference; lastKnownFileType = image.png; path = part_body_0005.png; sourceTree = "<group>"; };
		4E2A701B160A7059007AC03B /* part_body_0006.png */ = {isa = PBXFileReference; lastKnownFileType = image.png; path = part_body_0006.png; sourceTree = "<group>"; };
		4E2A701C160A7059007AC03B /* part_feet_0001.png */ = {isa = PBXFileReference; lastKnownFileType = image.png; path = part_feet_0001.png; sourceTree = "<group>"; };
		4E2A701D160A7059007AC03B /* part_feet_0002.png */ = {isa = PBXFileReference; lastKnownFileType = image.png; path = part_feet_0002.png; sourceTree = "<group>"; };
		4E2A701E160A7059007AC03B /* part_feet_0003.png */ = {isa = PBXFileReference; lastKnownFileType = image.png; path = part_feet_0003.png; sourceTree = "<group>"; };
		4E2A701F160A7059007AC03B /* part_feet_0004.png */ = {isa = PBXFileReference; lastKnownFileType = image.png; path = part_feet_0004.png; sourceTree = "<group>"; };
		4E2A7020160A7059007AC03B /* part_feet_0005.png */ = {isa = PBXFileReference; lastKnownFileType = image.png; path = part_feet_0005.png; sourceTree = "<group>"; };
		4E2A7021160A7059007AC03B /* part_feet_0006.png */ = {isa = PBXFileReference; lastKnownFileType = image.png; path = part_feet_0006.png; sourceTree = "<group>"; };
		4E2A7022160A7059007AC03B /* part_head_0001.png */ = {isa = PBXFileReference; lastKnownFileType = image.png; path = part_head_0001.png; sourceTree = "<group>"; };
		4E2A7023160A7059007AC03B /* part_head_0002.png */ = {isa = PBXFileReference; lastKnownFileType = image.png; path = part_head_0002.png; sourceTree = "<group>"; };
		4E2A7024160A7059007AC03B /* part_head_0003.png */ = {isa = PBXFileReference; lastKnownFileType = image.png; path = part_head_0003.png; sourceTree = "<group>"; };
		4E2A7025160A7059007AC03B /* part_head_0004.png */ = {isa = PBXFileReference; lastKnownFileType = image.png; path = part_head_0004.png; sourceTree = "<group>"; };
		4E2A7026160A7059007AC03B /* part_head_0005.png */ = {isa = PBXFileReference; lastKnownFileType = image.png; path = part_head_0005.png; sourceTree = "<group>"; };
		4E2A7027160A7059007AC03B /* part_head_0006.png */ = {isa = PBXFileReference; lastKnownFileType = image.png; path = part_head_0006.png; sourceTree = "<group>"; };
		4E3BA1E9160AC40A003AF9B3 /* Default-568h@2x.png */ = {isa = PBXFileReference; lastKnownFileType = image.png; path = "Default-568h@2x.png"; sourceTree = "<group>"; };
		4E60E3E3160ACFAF003476EC /* app-icon-ipad@2x.png */ = {isa = PBXFileReference; lastKnownFileType = image.png; path = "app-icon-ipad@2x.png"; sourceTree = "<group>"; };
		4E60E3E5160ACFCB003476EC /* app-icon-ipad.png */ = {isa = PBXFileReference; lastKnownFileType = image.png; path = "app-icon-ipad.png"; sourceTree = "<group>"; };
		4E60E3E7160ACFFE003476EC /* app-icon-iphone@2x.png */ = {isa = PBXFileReference; lastKnownFileType = image.png; path = "app-icon-iphone@2x.png"; sourceTree = "<group>"; };
		4E60E3E9160AD0BD003476EC /* background_0001.png */ = {isa = PBXFileReference; lastKnownFileType = image.png; path = background_0001.png; sourceTree = "<group>"; };
		4E60E3EA160AD0BD003476EC /* background_0002.png */ = {isa = PBXFileReference; lastKnownFileType = image.png; path = background_0002.png; sourceTree = "<group>"; };
		4E8810A9160A904200578D34 /* Default.png */ = {isa = PBXFileReference; lastKnownFileType = image.png; path = Default.png; sourceTree = "<group>"; };
		4E8810AC160A90C900578D34 /* app-icon@2x.png */ = {isa = PBXFileReference; lastKnownFileType = image.png; path = "app-icon@2x.png"; sourceTree = "<group>"; };
		4E8810AE160A90CC00578D34 /* app-icon@1x.png */ = {isa = PBXFileReference; lastKnownFileType = image.png; path = "app-icon@1x.png"; sourceTree = "<group>"; };
		4E898C2015FA989D000E9677 /* Chimera.app */ = {isa = PBXFileReference; explicitFileType = wrapper.application; includeInIndex = 0; path = Chimera.app; sourceTree = BUILT_PRODUCTS_DIR; };
		4E898C2415FA989D000E9677 /* UIKit.framework */ = {isa = PBXFileReference; lastKnownFileType = wrapper.framework; name = UIKit.framework; path = System/Library/Frameworks/UIKit.framework; sourceTree = SDKROOT; };
		4E898C2615FA989D000E9677 /* Foundation.framework */ = {isa = PBXFileReference; lastKnownFileType = wrapper.framework; name = Foundation.framework; path = System/Library/Frameworks/Foundation.framework; sourceTree = SDKROOT; };
		4E898C2815FA989D000E9677 /* CoreGraphics.framework */ = {isa = PBXFileReference; lastKnownFileType = wrapper.framework; name = CoreGraphics.framework; path = System/Library/Frameworks/CoreGraphics.framework; sourceTree = SDKROOT; };
		4E898C2C15FA989D000E9677 /* Chimera-Info.plist */ = {isa = PBXFileReference; lastKnownFileType = text.plist.xml; path = "Chimera-Info.plist"; sourceTree = "<group>"; };
		4E898C2E15FA989D000E9677 /* en */ = {isa = PBXFileReference; lastKnownFileType = text.plist.strings; name = en; path = en.lproj/InfoPlist.strings; sourceTree = "<group>"; };
		4E898C3015FA989D000E9677 /* main.m */ = {isa = PBXFileReference; lastKnownFileType = sourcecode.c.objc; path = main.m; sourceTree = "<group>"; };
		4E898C3215FA989D000E9677 /* Chimera-Prefix.pch */ = {isa = PBXFileReference; lastKnownFileType = sourcecode.c.h; path = "Chimera-Prefix.pch"; sourceTree = "<group>"; };
		4E898C3315FA989D000E9677 /* AppDelegate.h */ = {isa = PBXFileReference; lastKnownFileType = sourcecode.c.h; path = AppDelegate.h; sourceTree = "<group>"; };
		4E898C3415FA989D000E9677 /* AppDelegate.m */ = {isa = PBXFileReference; lastKnownFileType = sourcecode.c.objc; path = AppDelegate.m; sourceTree = "<group>"; };
		4E898C3715FA989D000E9677 /* en */ = {isa = PBXFileReference; lastKnownFileType = file.storyboard; name = en; path = en.lproj/MainStoryboard_iPhone.storyboard; sourceTree = "<group>"; };
		4E898C3A15FA989D000E9677 /* en */ = {isa = PBXFileReference; lastKnownFileType = file.storyboard; name = en; path = en.lproj/MainStoryboard_iPad.storyboard; sourceTree = "<group>"; };
		4E898C3C15FA989D000E9677 /* MainViewController.h */ = {isa = PBXFileReference; lastKnownFileType = sourcecode.c.h; path = MainViewController.h; sourceTree = "<group>"; };
		4E898C3D15FA989D000E9677 /* MainViewController.m */ = {isa = PBXFileReference; lastKnownFileType = sourcecode.c.objc; path = MainViewController.m; sourceTree = "<group>"; };
		4E898C3F15FA989D000E9677 /* FlipsideViewController.h */ = {isa = PBXFileReference; lastKnownFileType = sourcecode.c.h; path = FlipsideViewController.h; sourceTree = "<group>"; };
		4E898C4015FA989D000E9677 /* FlipsideViewController.m */ = {isa = PBXFileReference; lastKnownFileType = sourcecode.c.objc; path = FlipsideViewController.m; sourceTree = "<group>"; };
/* End PBXFileReference section */

/* Begin PBXFrameworksBuildPhase section */
		4E898C1D15FA989D000E9677 /* Frameworks */ = {
			isa = PBXFrameworksBuildPhase;
			buildActionMask = 2147483647;
			files = (
				4E898C2515FA989D000E9677 /* UIKit.framework in Frameworks */,
				4E898C2715FA989D000E9677 /* Foundation.framework in Frameworks */,
				4E898C2915FA989D000E9677 /* CoreGraphics.framework in Frameworks */,
			);
			runOnlyForDeploymentPostprocessing = 0;
		};
/* End PBXFrameworksBuildPhase section */

/* Begin PBXGroup section */
		4E2A7002160A7059007AC03B /* part-blur */ = {
			isa = PBXGroup;
			children = (
				4E2A7003160A7059007AC03B /* part_body_blur_0001.png */,
				4E2A7004160A7059007AC03B /* part_body_blur_0002.png */,
				4E2A7005160A7059007AC03B /* part_body_blur_0003.png */,
				4E2A7006160A7059007AC03B /* part_body_blur_0004.png */,
				4E2A7007160A7059007AC03B /* part_body_blur_0005.png */,
				4E2A7008160A7059007AC03B /* part_body_blur_0006.png */,
				4E2A7009160A7059007AC03B /* part_feet_blur_0001.png */,
				4E2A700A160A7059007AC03B /* part_feet_blur_0002.png */,
				4E2A700B160A7059007AC03B /* part_feet_blur_0003.png */,
				4E2A700C160A7059007AC03B /* part_feet_blur_0004.png */,
				4E2A700D160A7059007AC03B /* part_feet_blur_0005.png */,
				4E2A700E160A7059007AC03B /* part_feet_blur_0006.png */,
				4E2A700F160A7059007AC03B /* part_head_blur_0001.png */,
				4E2A7010160A7059007AC03B /* part_head_blur_0002.png */,
				4E2A7011160A7059007AC03B /* part_head_blur_0003.png */,
				4E2A7012160A7059007AC03B /* part_head_blur_0004.png */,
				4E2A7013160A7059007AC03B /* part_head_blur_0005.png */,
				4E2A7014160A7059007AC03B /* part_head_blur_0006.png */,
			);
			path = "part-blur";
			sourceTree = "<group>";
		};
		4E2A7015160A7059007AC03B /* part-normal */ = {
			isa = PBXGroup;
			children = (
				4E2A7016160A7059007AC03B /* part_body_0001.png */,
				4E2A7017160A7059007AC03B /* part_body_0002.png */,
				4E2A7018160A7059007AC03B /* part_body_0003.png */,
				4E2A7019160A7059007AC03B /* part_body_0004.png */,
				4E2A701A160A7059007AC03B /* part_body_0005.png */,
				4E2A701B160A7059007AC03B /* part_body_0006.png */,
				4E2A701C160A7059007AC03B /* part_feet_0001.png */,
				4E2A701D160A7059007AC03B /* part_feet_0002.png */,
				4E2A701E160A7059007AC03B /* part_feet_0003.png */,
				4E2A701F160A7059007AC03B /* part_feet_0004.png */,
				4E2A7020160A7059007AC03B /* part_feet_0005.png */,
				4E2A7021160A7059007AC03B /* part_feet_0006.png */,
				4E2A7022160A7059007AC03B /* part_head_0001.png */,
				4E2A7023160A7059007AC03B /* part_head_0002.png */,
				4E2A7024160A7059007AC03B /* part_head_0003.png */,
				4E2A7025160A7059007AC03B /* part_head_0004.png */,
				4E2A7026160A7059007AC03B /* part_head_0005.png */,
				4E2A7027160A7059007AC03B /* part_head_0006.png */,
			);
			path = "part-normal";
			sourceTree = "<group>";
		};
		4E898C1515FA989D000E9677 = {
			isa = PBXGroup;
			children = (
				4E60E3E7160ACFFE003476EC /* app-icon-iphone@2x.png */,
				4E60E3E5160ACFCB003476EC /* app-icon-ipad.png */,
				4E60E3E3160ACFAF003476EC /* app-icon-ipad@2x.png */,
				4E3BA1E9160AC40A003AF9B3 /* Default-568h@2x.png */,
				4E8810AE160A90CC00578D34 /* app-icon@1x.png */,
				4E8810AC160A90C900578D34 /* app-icon@2x.png */,
				4E8810A9160A904200578D34 /* Default.png */,
				4E898C2A15FA989D000E9677 /* Chimera */,
				4E898C2315FA989D000E9677 /* Frameworks */,
				4E898C2115FA989D000E9677 /* Products */,
			);
			sourceTree = "<group>";
		};
		4E898C2115FA989D000E9677 /* Products */ = {
			isa = PBXGroup;
			children = (
				4E898C2015FA989D000E9677 /* Chimera.app */,
			);
			name = Products;
			sourceTree = "<group>";
		};
		4E898C2315FA989D000E9677 /* Frameworks */ = {
			isa = PBXGroup;
			children = (
				4E898C2415FA989D000E9677 /* UIKit.framework */,
				4E898C2615FA989D000E9677 /* Foundation.framework */,
				4E898C2815FA989D000E9677 /* CoreGraphics.framework */,
			);
			name = Frameworks;
			sourceTree = "<group>";
		};
		4E898C2A15FA989D000E9677 /* Chimera */ = {
			isa = PBXGroup;
			children = (
				4E898C3315FA989D000E9677 /* AppDelegate.h */,
				4E898C3415FA989D000E9677 /* AppDelegate.m */,
				4E898C3615FA989D000E9677 /* MainStoryboard_iPhone.storyboard */,
				4E898C3915FA989D000E9677 /* MainStoryboard_iPad.storyboard */,
				4E898C3C15FA989D000E9677 /* MainViewController.h */,
				4E898C3D15FA989D000E9677 /* MainViewController.m */,
				4E898C3F15FA989D000E9677 /* FlipsideViewController.h */,
				4E898C4015FA989D000E9677 /* FlipsideViewController.m */,
				4E898C2B15FA989D000E9677 /* Supporting Files */,
				4E25A9AD160AD7D7003A8ECB /* UILoopScrollView.h */,
				4E25A9AE160AD7D7003A8ECB /* UILoopScrollView.m */,
				4E2128FF16151440003290E9 /* MG_LoopScrollView.h */,
				4E21290016151440003290E9 /* MG_LoopScrollView.m */,
			);
			path = Chimera;
			sourceTree = "<group>";
		};
		4E898C2B15FA989D000E9677 /* Supporting Files */ = {
			isa = PBXGroup;
			children = (
				4E898C4715FAC613000E9677 /* Pictures */,
				4E898C2C15FA989D000E9677 /* Chimera-Info.plist */,
				4E898C2D15FA989D000E9677 /* InfoPlist.strings */,
				4E898C3015FA989D000E9677 /* main.m */,
				4E898C3215FA989D000E9677 /* Chimera-Prefix.pch */,
			);
			name = "Supporting Files";
			sourceTree = "<group>";
		};
		4E898C4715FAC613000E9677 /* Pictures */ = {
			isa = PBXGroup;
			children = (
				4E60E3E9160AD0BD003476EC /* background_0001.png */,
				4E60E3EA160AD0BD003476EC /* background_0002.png */,
				4E2A7002160A7059007AC03B /* part-blur */,
				4E2A7015160A7059007AC03B /* part-normal */,
			);
			name = Pictures;
			sourceTree = "<group>";
		};
/* End PBXGroup section */

/* Begin PBXNativeTarget section */
		4E898C1F15FA989D000E9677 /* Chimera */ = {
			isa = PBXNativeTarget;
			buildConfigurationList = 4E898C4415FA989D000E9677 /* Build configuration list for PBXNativeTarget "Chimera" */;
			buildPhases = (
				4E898C1C15FA989D000E9677 /* Sources */,
				4E898C1D15FA989D000E9677 /* Frameworks */,
				4E898C1E15FA989D000E9677 /* Resources */,
			);
			buildRules = (
			);
			dependencies = (
			);
			name = Chimera;
			productName = Chimera;
			productReference = 4E898C2015FA989D000E9677 /* Chimera.app */;
			productType = "com.apple.product-type.application";
		};
/* End PBXNativeTarget section */

/* Begin PBXProject section */
		4E898C1715FA989D000E9677 /* Project object */ = {
			isa = PBXProject;
			attributes = {
				LastUpgradeCheck = 0440;
				ORGANIZATIONNAME = LesBandits.com;
			};
			buildConfigurationList = 4E898C1A15FA989D000E9677 /* Build configuration list for PBXProject "Chimera" */;
			compatibilityVersion = "Xcode 3.2";
			developmentRegion = English;
			hasScannedForEncodings = 0;
			knownRegions = (
				en,
			);
			mainGroup = 4E898C1515FA989D000E9677;
			productRefGroup = 4E898C2115FA989D000E9677 /* Products */;
			projectDirPath = "";
			projectRoot = "";
			targets = (
				4E898C1F15FA989D000E9677 /* Chimera */,
			);
		};
/* End PBXProject section */

/* Begin PBXResourcesBuildPhase section */
		4E898C1E15FA989D000E9677 /* Resources */ = {
			isa = PBXResourcesBuildPhase;
			buildActionMask = 2147483647;
			files = (
				4E898C2F15FA989D000E9677 /* InfoPlist.strings in Resources */,
				4E898C3815FA989D000E9677 /* MainStoryboard_iPhone.storyboard in Resources */,
				4E898C3B15FA989D000E9677 /* MainStoryboard_iPad.storyboard in Resources */,
				4E2A7028160A7059007AC03B /* part_body_blur_0001.png in Resources */,
				4E2A7029160A7059007AC03B /* part_body_blur_0002.png in Resources */,
				4E2A702A160A7059007AC03B /* part_body_blur_0003.png in Resources */,
				4E2A702B160A7059007AC03B /* part_body_blur_0004.png in Resources */,
				4E2A702C160A7059007AC03B /* part_body_blur_0005.png in Resources */,
				4E2A702D160A7059007AC03B /* part_body_blur_0006.png in Resources */,
				4E2A702E160A7059007AC03B /* part_feet_blur_0001.png in Resources */,
				4E2A702F160A7059007AC03B /* part_feet_blur_0002.png in Resources */,
				4E2A7030160A7059007AC03B /* part_feet_blur_0003.png in Resources */,
				4E2A7031160A7059007AC03B /* part_feet_blur_0004.png in Resources */,
				4E2A7032160A7059007AC03B /* part_feet_blur_0005.png in Resources */,
				4E2A7033160A7059007AC03B /* part_feet_blur_0006.png in Resources */,
				4E2A7034160A7059007AC03B /* part_head_blur_0001.png in Resources */,
				4E2A7035160A7059007AC03B /* part_head_blur_0002.png in Resources */,
				4E2A7036160A7059007AC03B /* part_head_blur_0003.png in Resources */,
				4E2A7037160A7059007AC03B /* part_head_blur_0004.png in Resources */,
				4E2A7038160A7059007AC03B /* part_head_blur_0005.png in Resources */,
				4E2A7039160A7059007AC03B /* part_head_blur_0006.png in Resources */,
				4E2A703A160A7059007AC03B /* part_body_0001.png in Resources */,
				4E2A703B160A7059007AC03B /* part_body_0002.png in Resources */,
				4E2A703C160A7059007AC03B /* part_body_0003.png in Resources */,
				4E2A703D160A7059007AC03B /* part_body_0004.png in Resources */,
				4E2A703E160A7059007AC03B /* part_body_0005.png in Resources */,
				4E2A703F160A7059007AC03B /* part_body_0006.png in Resources */,
				4E2A7040160A7059007AC03B /* part_feet_0001.png in Resources */,
				4E2A7041160A7059007AC03B /* part_feet_0002.png in Resources */,
				4E2A7042160A7059007AC03B /* part_feet_0003.png in Resources */,
				4E2A7043160A7059007AC03B /* part_feet_0004.png in Resources */,
				4E2A7044160A7059007AC03B /* part_feet_0005.png in Resources */,
				4E2A7045160A7059007AC03B /* part_feet_0006.png in Resources */,
				4E2A7046160A7059007AC03B /* part_head_0001.png in Resources */,
				4E2A7047160A7059007AC03B /* part_head_0002.png in Resources */,
				4E2A7048160A7059007AC03B /* part_head_0003.png in Resources */,
				4E2A7049160A7059007AC03B /* part_head_0004.png in Resources */,
				4E2A704A160A7059007AC03B /* part_head_0005.png in Resources */,
				4E2A704B160A7059007AC03B /* part_head_0006.png in Resources */,
				4E8810AA160A904200578D34 /* Default.png in Resources */,
				4E8810AD160A90C900578D34 /* app-icon@2x.png in Resources */,
				4E8810AF160A90CC00578D34 /* app-icon@1x.png in Resources */,
				4E3BA1EA160AC40A003AF9B3 /* Default-568h@2x.png in Resources */,
				4E60E3E4160ACFAF003476EC /* app-icon-ipad@2x.png in Resources */,
				4E60E3E6160ACFCB003476EC /* app-icon-ipad.png in Resources */,
				4E60E3E8160ACFFE003476EC /* app-icon-iphone@2x.png in Resources */,
				4E60E3ED160AD0F6003476EC /* background_0001.png in Resources */,
				4E60E3EE160AD0F6003476EC /* background_0002.png in Resources */,
			);
			runOnlyForDeploymentPostprocessing = 0;
		};
/* End PBXResourcesBuildPhase section */

/* Begin PBXSourcesBuildPhase section */
		4E898C1C15FA989D000E9677 /* Sources */ = {
			isa = PBXSourcesBuildPhase;
			buildActionMask = 2147483647;
			files = (
				4E898C3115FA989D000E9677 /* main.m in Sources */,
				4E898C3515FA989D000E9677 /* AppDelegate.m in Sources */,
				4E898C3E15FA989D000E9677 /* MainViewController.m in Sources */,
				4E898C4115FA989D000E9677 /* FlipsideViewController.m in Sources */,
				4E25A9AF160AD7D7003A8ECB /* UILoopScrollView.m in Sources */,
				4E21290116151440003290E9 /* MG_LoopScrollView.m in Sources */,
			);
			runOnlyForDeploymentPostprocessing = 0;
		};
/* End PBXSourcesBuildPhase section */

/* Begin PBXVariantGroup section */
		4E898C2D15FA989D000E9677 /* InfoPlist.strings */ = {
			isa = PBXVariantGroup;
			children = (
				4E898C2E15FA989D000E9677 /* en */,
			);
			name = InfoPlist.strings;
			sourceTree = "<group>";
		};
		4E898C3615FA989D000E9677 /* MainStoryboard_iPhone.storyboard */ = {
			isa = PBXVariantGroup;
			children = (
				4E898C3715FA989D000E9677 /* en */,
			);
			name = MainStoryboard_iPhone.storyboard;
			sourceTree = "<group>";
		};
		4E898C3915FA989D000E9677 /* MainStoryboard_iPad.storyboard */ = {
			isa = PBXVariantGroup;
			children = (
				4E898C3A15FA989D000E9677 /* en */,
			);
			name = MainStoryboard_iPad.storyboard;
			sourceTree = "<group>";
		};
/* End PBXVariantGroup section */

/* Begin XCBuildConfiguration section */
		4E898C4215FA989D000E9677 /* Debug */ = {
			isa = XCBuildConfiguration;
			buildSettings = {
				ALWAYS_SEARCH_USER_PATHS = NO;
				ARCHS = "$(ARCHS_STANDARD_32_BIT)";
				CLANG_CXX_LANGUAGE_STANDARD = "gnu++0x";
				CLANG_ENABLE_OBJC_ARC = YES;
				CLANG_WARN__DUPLICATE_METHOD_MATCH = YES;
				"CODE_SIGN_IDENTITY[sdk=iphoneos*]" = "iPhone Developer";
				COPY_PHASE_STRIP = NO;
				GCC_C_LANGUAGE_STANDARD = gnu99;
				GCC_DYNAMIC_NO_PIC = NO;
				GCC_OPTIMIZATION_LEVEL = 0;
				GCC_PREPROCESSOR_DEFINITIONS = (
					"DEBUG=1",
					"$(inherited)",
				);
				GCC_SYMBOLS_PRIVATE_EXTERN = NO;
				GCC_VERSION = com.apple.compilers.llvm.clang.1_0;
				GCC_WARN_ABOUT_RETURN_TYPE = YES;
				GCC_WARN_UNINITIALIZED_AUTOS = YES;
				GCC_WARN_UNUSED_VARIABLE = YES;
				IPHONEOS_DEPLOYMENT_TARGET = 5.1;
				SDKROOT = iphoneos;
				TARGETED_DEVICE_FAMILY = "1,2";
			};
			name = Debug;
		};
		4E898C4315FA989D000E9677 /* Release */ = {
			isa = XCBuildConfiguration;
			buildSettings = {
				ALWAYS_SEARCH_USER_PATHS = NO;
				ARCHS = "$(ARCHS_STANDARD_32_BIT)";
				CLANG_CXX_LANGUAGE_STANDARD = "gnu++0x";
				CLANG_ENABLE_OBJC_ARC = YES;
				CLANG_WARN__DUPLICATE_METHOD_MATCH = YES;
				"CODE_SIGN_IDENTITY[sdk=iphoneos*]" = "iPhone Developer";
				COPY_PHASE_STRIP = YES;
				GCC_C_LANGUAGE_STANDARD = gnu99;
				GCC_VERSION = com.apple.compilers.llvm.clang.1_0;
				GCC_WARN_ABOUT_RETURN_TYPE = YES;
				GCC_WARN_UNINITIALIZED_AUTOS = YES;
				GCC_WARN_UNUSED_VARIABLE = YES;
				IPHONEOS_DEPLOYMENT_TARGET = 5.1;
				OTHER_CFLAGS = "-DNS_BLOCK_ASSERTIONS=1";
				SDKROOT = iphoneos;
				TARGETED_DEVICE_FAMILY = "1,2";
				VALIDATE_PRODUCT = YES;
			};
			name = Release;
		};
		4E898C4515FA989D000E9677 /* Debug */ = {
			isa = XCBuildConfiguration;
			buildSettings = {
				CODE_SIGN_IDENTITY = "iPhone Developer: Mathieu Gardere (A3W2R3YMYZ)";
				"CODE_SIGN_IDENTITY[sdk=iphoneos*]" = "iPhone Developer: Mathieu Gardere (A3W2R3YMYZ)";
				GCC_PRECOMPILE_PREFIX_HEADER = YES;
				GCC_PREFIX_HEADER = "Chimera/Chimera-Prefix.pch";
				INFOPLIST_FILE = "Chimera/Chimera-Info.plist";
				PRODUCT_NAME = "$(TARGET_NAME)";
				PROVISIONING_PROFILE = "37073985-EC6B-46F5-93CA-58ADCCF57259";
				"PROVISIONING_PROFILE[sdk=iphoneos*]" = "37073985-EC6B-46F5-93CA-58ADCCF57259";
				WRAPPER_EXTENSION = app;
			};
			name = Debug;
		};
		4E898C4615FA989D000E9677 /* Release */ = {
			isa = XCBuildConfiguration;
			buildSettings = {
				CODE_SIGN_IDENTITY = "iPhone Developer: Mathieu Gardere (A3W2R3YMYZ)";
				"CODE_SIGN_IDENTITY[sdk=iphoneos*]" = "iPhone Developer: Mathieu Gardere (A3W2R3YMYZ)";
				GCC_PRECOMPILE_PREFIX_HEADER = YES;
				GCC_PREFIX_HEADER = "Chimera/Chimera-Prefix.pch";
				INFOPLIST_FILE = "Chimera/Chimera-Info.plist";
				PRODUCT_NAME = "$(TARGET_NAME)";
				PROVISIONING_PROFILE = "37073985-EC6B-46F5-93CA-58ADCCF57259";
				"PROVISIONING_PROFILE[sdk=iphoneos*]" = "37073985-EC6B-46F5-93CA-58ADCCF57259";
				WRAPPER_EXTENSION = app;
			};
			name = Release;
		};
/* End XCBuildConfiguration section */

/* Begin XCConfigurationList section */
		4E898C1A15FA989D000E9677 /* Build configuration list for PBXProject "Chimera" */ = {
			isa = XCConfigurationList;
			buildConfigurations = (
				4E898C4215FA989D000E9677 /* Debug */,
				4E898C4315FA989D000E9677 /* Release */,
			);
			defaultConfigurationIsVisible = 0;
			defaultConfigurationName = Release;
		};
		4E898C4415FA989D000E9677 /* Build configuration list for PBXNativeTarget "Chimera" */ = {
			isa = XCConfigurationList;
			buildConfigurations = (
				4E898C4515FA989D000E9677 /* Debug */,
				4E898C4615FA989D000E9677 /* Release */,
			);
			defaultConfigurationIsVisible = 0;
			defaultConfigurationName = Release;
		};
/* End XCConfigurationList section */
	};
	rootObject = 4E898C1715FA989D000E9677 /* Project object */;
}
