// !$*UTF8*$!
{
	archiveVersion = 1;
	classes = {
	};
	objectVersion = 46;
	objects = {

/* Begin PBXBuildFile section */
		4E02F3EB1626175800C6B8DD /* blink-flash_0001.png in Resources */ = {isa = PBXBuildFile; fileRef = 4E02F3E91626175800C6B8DD /* blink-flash_0001.png */; };
		4E02F3EC1626175800C6B8DD /* blink-flash_0002.png in Resources */ = {isa = PBXBuildFile; fileRef = 4E02F3EA1626175800C6B8DD /* blink-flash_0002.png */; };
		4E21290116151440003290E9 /* MG_LoopScrollView.m in Sources */ = {isa = PBXBuildFile; fileRef = 4E21290016151440003290E9 /* MG_LoopScrollView.m */; };
		4E2A7028160A7059007AC03B /* part_body_blur_0001.png in Resources */ = {isa = PBXBuildFile; fileRef = 4E2A7003160A7059007AC03B /* part_body_blur_0001.png */; };
		4E2A7029160A7059007AC03B /* part_body_blur_0002.png in Resources */ = {isa = PBXBuildFile; fileRef = 4E2A7004160A7059007AC03B /* part_body_blur_0002.png */; };
		4E2A702A160A7059007AC03B /* part_body_blur_0003.png in Resources */ = {isa = PBXBuildFile; fileRef = 4E2A7005160A7059007AC03B /* part_body_blur_0003.png */; };
		4E2A702B160A7059007AC03B /* part_body_blur_0004.png in Resources */ = {isa = PBXBuildFile; fileRef = 4E2A7006160A7059007AC03B /* part_body_blur_0004.png */; };
		4E2A702C160A7059007AC03B /* part_body_blur_0005.png in Resources */ = {isa = PBXBuildFile; fileRef = 4E2A7007160A7059007AC03B /* part_body_blur_0005.png */; };
		4E2A702D160A7059007AC03B /* part_body_blur_0006.png in Resources */ = {isa = PBXBuildFile; fileRef = 4E2A7008160A7059007AC03B /* part_body_blur_0006.png */; };
		4E2A702E160A7059007AC03B /* part_feet_blur_0001.png in Resources */ = {isa = PBXBuildFile; fileRef = 4E2A7009160A7059007AC03B /* part_feet_blur_0001.png */; };
		4E2A702F160A7059007AC03B /* part_feet_blur_0002.png in Resources */ = {isa = PBXBuildFile; fileRef = 4E2A700A160A7059007AC03B /* part_feet_blur_0002.png */; };
		4E2A7030160A7059007AC03B /* part_feet_blur_0003.png in Resources */ = {isa = PBXBuildFile; fileRef = 4E2A700B160A7059007AC03B /* part_feet_blur_0003.png */; };
		4E2A7031160A7059007AC03B /* part_feet_blur_0004.png in Resources */ = {isa = PBXBuildFile; fileRef = 4E2A700C160A7059007AC03B /* part_feet_blur_0004.png */; };
		4E2A7032160A7059007AC03B /* part_feet_blur_0005.png in Resources */ = {isa = PBXBuildFile; fileRef = 4E2A700D160A7059007AC03B /* part_feet_blur_0005.png */; };
		4E2A7033160A7059007AC03B /* part_feet_blur_0006.png in Resources */ = {isa = PBXBuildFile; fileRef = 4E2A700E160A7059007AC03B /* part_feet_blur_0006.png */; };
		4E2A7034160A7059007AC03B /* part_head_blur_0001.png in Resources */ = {isa = PBXBuildFile; fileRef = 4E2A700F160A7059007AC03B /* part_head_blur_0001.png */; };
		4E2A7035160A7059007AC03B /* part_head_blur_0002.png in Resources */ = {isa = PBXBuildFile; fileRef = 4E2A7010160A7059007AC03B /* part_head_blur_0002.png */; };
		4E2A7036160A7059007AC03B /* part_head_blur_0003.png in Resources */ = {isa = PBXBuildFile; fileRef = 4E2A7011160A7059007AC03B /* part_head_blur_0003.png */; };
		4E2A7037160A7059007AC03B /* part_head_blur_0004.png in Resources */ = {isa = PBXBuildFile; fileRef = 4E2A7012160A7059007AC03B /* part_head_blur_0004.png */; };
		4E2A7038160A7059007AC03B /* part_head_blur_0005.png in Resources */ = {isa = PBXBuildFile; fileRef = 4E2A7013160A7059007AC03B /* part_head_blur_0005.png */; };
		4E2A7039160A7059007AC03B /* part_head_blur_0006.png in Resources */ = {isa = PBXBuildFile; fileRef = 4E2A7014160A7059007AC03B /* part_head_blur_0006.png */; };
		4E2A703A160A7059007AC03B /* part_body_0001.png in Resources */ = {isa = PBXBuildFile; fileRef = 4E2A7016160A7059007AC03B /* part_body_0001.png */; };
		4E2A703B160A7059007AC03B /* part_body_0002.png in Resources */ = {isa = PBXBuildFile; fileRef = 4E2A7017160A7059007AC03B /* part_body_0002.png */; };
		4E2A703C160A7059007AC03B /* part_body_0003.png in Resources */ = {isa = PBXBuildFile; fileRef = 4E2A7018160A7059007AC03B /* part_body_0003.png */; };
		4E2A703D160A7059007AC03B /* part_body_0004.png in Resources */ = {isa = PBXBuildFile; fileRef = 4E2A7019160A7059007AC03B /* part_body_0004.png */; };
		4E2A703E160A7059007AC03B /* part_body_0005.png in Resources */ = {isa = PBXBuildFile; fileRef = 4E2A701A160A7059007AC03B /* part_body_0005.png */; };
		4E2A703F160A7059007AC03B /* part_body_0006.png in Resources */ = {isa = PBXBuildFile; fileRef = 4E2A701B160A7059007AC03B /* part_body_0006.png */; };
		4E2A7040160A7059007AC03B /* part_feet_0001.png in Resources */ = {isa = PBXBuildFile; fileRef = 4E2A701C160A7059007AC03B /* part_feet_0001.png */; };
		4E2A7041160A7059007AC03B /* part_feet_0002.png in Resources */ = {isa = PBXBuildFile; fileRef = 4E2A701D160A7059007AC03B /* part_feet_0002.png */; };
		4E2A7042160A7059007AC03B /* part_feet_0003.png in Resources */ = {isa = PBXBuildFile; fileRef = 4E2A701E160A7059007AC03B /* part_feet_0003.png */; };
		4E2A7043160A7059007AC03B /* part_feet_0004.png in Resources */ = {isa = PBXBuildFile; fileRef = 4E2A701F160A7059007AC03B /* part_feet_0004.png */; };
		4E2A7044160A7059007AC03B /* part_feet_0005.png in Resources */ = {isa = PBXBuildFile; fileRef = 4E2A7020160A7059007AC03B /* part_feet_0005.png */; };
		4E2A7045160A7059007AC03B /* part_feet_0006.png in Resources */ = {isa = PBXBuildFile; fileRef = 4E2A7021160A7059007AC03B /* part_feet_0006.png */; };
		4E2A7046160A7059007AC03B /* part_head_0001.png in Resources */ = {isa = PBXBuildFile; fileRef = 4E2A7022160A7059007AC03B /* part_head_0001.png */; };
		4E2A7047160A7059007AC03B /* part_head_0002.png in Resources */ = {isa = PBXBuildFile; fileRef = 4E2A7023160A7059007AC03B /* part_head_0002.png */; };
		4E2A7048160A7059007AC03B /* part_head_0003.png in Resources */ = {isa = PBXBuildFile; fileRef = 4E2A7024160A7059007AC03B /* part_head_0003.png */; };
		4E2A7049160A7059007AC03B /* part_head_0004.png in Resources */ = {isa = PBXBuildFile; fileRef = 4E2A7025160A7059007AC03B /* part_head_0004.png */; };
		4E2A704A160A7059007AC03B /* part_head_0005.png in Resources */ = {isa = PBXBuildFile; fileRef = 4E2A7026160A7059007AC03B /* part_head_0005.png */; };
		4E2A704B160A7059007AC03B /* part_head_0006.png in Resources */ = {isa = PBXBuildFile; fileRef = 4E2A7027160A7059007AC03B /* part_head_0006.png */; };
		4E2C37E6172DD211004E06AD /* whip_whoosh_large_dowel_rod.mp3 in Resources */ = {isa = PBXBuildFile; fileRef = 4E2C37E5172DD211004E06AD /* whip_whoosh_large_dowel_rod.mp3 */; };
		4E3BA1EA160AC40A003AF9B3 /* Default-568h@2x.png in Resources */ = {isa = PBXBuildFile; fileRef = 4E3BA1E9160AC40A003AF9B3 /* Default-568h@2x.png */; };
		4E4057A2172CC5AD006D8A4F /* dans_la_jungle.mp3 in Resources */ = {isa = PBXBuildFile; fileRef = 4E4057A1172CC5AD006D8A4F /* dans_la_jungle.mp3 */; };
		4E4057A4172CC680006D8A4F /* AudioToolbox.framework in Frameworks */ = {isa = PBXBuildFile; fileRef = 4E4057A3172CC680006D8A4F /* AudioToolbox.framework */; };
		4E4057A6172CC80E006D8A4F /* AVFoundation.framework in Frameworks */ = {isa = PBXBuildFile; fileRef = 4E4057A5172CC80E006D8A4F /* AVFoundation.framework */; };
		4E60E3E4160ACFAF003476EC /* app-icon-ipad@2x.png in Resources */ = {isa = PBXBuildFile; fileRef = 4E60E3E3160ACFAF003476EC /* app-icon-ipad@2x.png */; };
		4E60E3E6160ACFCB003476EC /* app-icon-ipad.png in Resources */ = {isa = PBXBuildFile; fileRef = 4E60E3E5160ACFCB003476EC /* app-icon-ipad.png */; };
		4E60E3E8160ACFFE003476EC /* app-icon-iphone@2x.png in Resources */ = {isa = PBXBuildFile; fileRef = 4E60E3E7160ACFFE003476EC /* app-icon-iphone@2x.png */; };
		4E60E3ED160AD0F6003476EC /* background_0001.png in Resources */ = {isa = PBXBuildFile; fileRef = 4E60E3E9160AD0BD003476EC /* background_0001.png */; };
		4E60E3EE160AD0F6003476EC /* background_0002.png in Resources */ = {isa = PBXBuildFile; fileRef = 4E60E3EA160AD0BD003476EC /* background_0002.png */; };
		4E8810AA160A904200578D34 /* Default.png in Resources */ = {isa = PBXBuildFile; fileRef = 4E8810A9160A904200578D34 /* Default.png */; };
		4E8810AD160A90C900578D34 /* app-icon@2x.png in Resources */ = {isa = PBXBuildFile; fileRef = 4E8810AC160A90C900578D34 /* app-icon@2x.png */; };
		4E8810AF160A90CC00578D34 /* app-icon@1x.png in Resources */ = {isa = PBXBuildFile; fileRef = 4E8810AE160A90CC00578D34 /* app-icon@1x.png */; };
		4E898C2515FA989D000E9677 /* UIKit.framework in Frameworks */ = {isa = PBXBuildFile; fileRef = 4E898C2415FA989D000E9677 /* UIKit.framework */; };
		4E898C2715FA989D000E9677 /* Foundation.framework in Frameworks */ = {isa = PBXBuildFile; fileRef = 4E898C2615FA989D000E9677 /* Foundation.framework */; };
		4E898C2915FA989D000E9677 /* CoreGraphics.framework in Frameworks */ = {isa = PBXBuildFile; fileRef = 4E898C2815FA989D000E9677 /* CoreGraphics.framework */; };
		4E898C2F15FA989D000E9677 /* InfoPlist.strings in Resources */ = {isa = PBXBuildFile; fileRef = 4E898C2D15FA989D000E9677 /* InfoPlist.strings */; };
		4E898C3115FA989D000E9677 /* main.m in Sources */ = {isa = PBXBuildFile; fileRef = 4E898C3015FA989D000E9677 /* main.m */; };
		4E898C3515FA989D000E9677 /* AppDelegate.m in Sources */ = {isa = PBXBuildFile; fileRef = 4E898C3415FA989D000E9677 /* AppDelegate.m */; };
		4E898C3815FA989D000E9677 /* MainStoryboard_iPhone.storyboard in Resources */ = {isa = PBXBuildFile; fileRef = 4E898C3615FA989D000E9677 /* MainStoryboard_iPhone.storyboard */; };
		4E898C3B15FA989D000E9677 /* MainStoryboard_iPad.storyboard in Resources */ = {isa = PBXBuildFile; fileRef = 4E898C3915FA989D000E9677 /* MainStoryboard_iPad.storyboard */; };
		4E898C3E15FA989D000E9677 /* MainViewController.m in Sources */ = {isa = PBXBuildFile; fileRef = 4E898C3D15FA989D000E9677 /* MainViewController.m */; };
		4E898C4115FA989D000E9677 /* FlipsideViewController.m in Sources */ = {isa = PBXBuildFile; fileRef = 4E898C4015FA989D000E9677 /* FlipsideViewController.m */; };
		4E9A3E3216253484003A4DB5 /* NSMutableArray+Shuffable.m in Sources */ = {isa = PBXBuildFile; fileRef = 4E9A3E3116253484003A4DB5 /* NSMutableArray+Shuffable.m */; };
		4EA3605617386FEC00AF9503 /* Default@2x.png in Resources */ = {isa = PBXBuildFile; fileRef = 4EA3605517386FEC00AF9503 /* Default@2x.png */; };
		4EA36058173870A500AF9503 /* small icon.png in Resources */ = {isa = PBXBuildFile; fileRef = 4EA36057173870A500AF9503 /* small icon.png */; };
		4EA3605A173870A700AF9503 /* large icon.png in Resources */ = {isa = PBXBuildFile; fileRef = 4EA36059173870A700AF9503 /* large icon.png */; };
		4EA3605D1738713500AF9503 /* logo_chimera.png in Resources */ = {isa = PBXBuildFile; fileRef = 4EA3605B1738713500AF9503 /* logo_chimera.png */; };
		4EA3605E1738713500AF9503 /* logo_wildswipe-130x100.png in Resources */ = {isa = PBXBuildFile; fileRef = 4EA3605C1738713500AF9503 /* logo_wildswipe-130x100.png */; };
		4EAD08401734E26500DE5EBE /* PurchaseScreenViewController.m in Sources */ = {isa = PBXBuildFile; fileRef = 4EAD083F1734E26500DE5EBE /* PurchaseScreenViewController.m */; };
		4ED158A3172E863000801970 /* libTestFlight.a in Frameworks */ = {isa = PBXBuildFile; fileRef = 4ED1589F172E863000801970 /* libTestFlight.a */; };
		4ED158A4172E863000801970 /* README.md in Resources */ = {isa = PBXBuildFile; fileRef = 4ED158A0172E863000801970 /* README.md */; };
		4ED158A5172E863000801970 /* release_notes.md in Resources */ = {isa = PBXBuildFile; fileRef = 4ED158A1172E863000801970 /* release_notes.md */; };
		4ED158A7172E865C00801970 /* libz.dylib in Frameworks */ = {isa = PBXBuildFile; fileRef = 4ED158A6172E865C00801970 /* libz.dylib */; };
		4ED158AA172E878C00801970 /* Crashlytics.framework in Frameworks */ = {isa = PBXBuildFile; fileRef = 4ED158A9172E878C00801970 /* Crashlytics.framework */; };
		4ED24C18173320C90024AE01 /* logo-lesbandits-60x80.png in Resources */ = {isa = PBXBuildFile; fileRef = 4ED24C17173320C90024AE01 /* logo-lesbandits-60x80.png */; };
		4ED24C1B173325290024AE01 /* switch_off.png in Resources */ = {isa = PBXBuildFile; fileRef = 4ED24C19173325290024AE01 /* switch_off.png */; };
		4ED24C1C173325290024AE01 /* switch_on.png in Resources */ = {isa = PBXBuildFile; fileRef = 4ED24C1A173325290024AE01 /* switch_on.png */; };
		4ED24C1E17332F070024AE01 /* random.mp3 in Resources */ = {isa = PBXBuildFile; fileRef = 4ED24C1D17332F060024AE01 /* random.mp3 */; };
		4ED24C26173330870024AE01 /* libGoogleAnalytics.a in Frameworks */ = {isa = PBXBuildFile; fileRef = 4ED24C25173330870024AE01 /* libGoogleAnalytics.a */; };
		4ED24C291733340C0024AE01 /* CoreData.framework in Frameworks */ = {isa = PBXBuildFile; fileRef = 4ED24C281733340C0024AE01 /* CoreData.framework */; };
		4ED24C2C1733397F0024AE01 /* Preferences.m in Sources */ = {isa = PBXBuildFile; fileRef = 4ED24C2B1733397F0024AE01 /* Preferences.m */; };
		4ED24C33173399EB0024AE01 /* part_body_blur_0007.png in Resources */ = {isa = PBXBuildFile; fileRef = 4ED24C2D173399EB0024AE01 /* part_body_blur_0007.png */; };
		4ED24C34173399EB0024AE01 /* part_body_blur_0008.png in Resources */ = {isa = PBXBuildFile; fileRef = 4ED24C2E173399EB0024AE01 /* part_body_blur_0008.png */; };
		4ED24C35173399EB0024AE01 /* part_feet_blur_0007.png in Resources */ = {isa = PBXBuildFile; fileRef = 4ED24C2F173399EB0024AE01 /* part_feet_blur_0007.png */; };
		4ED24C36173399EB0024AE01 /* part_feet_blur_0008.png in Resources */ = {isa = PBXBuildFile; fileRef = 4ED24C30173399EB0024AE01 /* part_feet_blur_0008.png */; };
		4ED24C37173399EB0024AE01 /* part_head_blur_0007.png in Resources */ = {isa = PBXBuildFile; fileRef = 4ED24C31173399EB0024AE01 /* part_head_blur_0007.png */; };
		4ED24C38173399EB0024AE01 /* part_head_blur_0008.png in Resources */ = {isa = PBXBuildFile; fileRef = 4ED24C32173399EB0024AE01 /* part_head_blur_0008.png */; };
		4ED24C3A1733A24C0024AE01 /* button.png in Resources */ = {isa = PBXBuildFile; fileRef = 4ED24C391733A24C0024AE01 /* button.png */; };
		4ED24C3C173493280024AE01 /* button-pressed.png in Resources */ = {isa = PBXBuildFile; fileRef = 4ED24C3B173493280024AE01 /* button-pressed.png */; };
		4ED24C3E173493690024AE01 /* animals-group.png in Resources */ = {isa = PBXBuildFile; fileRef = 4ED24C3D173493690024AE01 /* animals-group.png */; };
		4EE01320172F396200934896 /* cheering.mp3 in Resources */ = {isa = PBXBuildFile; fileRef = 4EE0131F172F396200934896 /* cheering.mp3 */; };
		4EE0132D17306C9900934896 /* StoreKit.framework in Frameworks */ = {isa = PBXBuildFile; fileRef = 4EE0132C17306C9900934896 /* StoreKit.framework */; settings = {ATTRIBUTES = (Weak, ); }; };
		4EE0133017306CDF00934896 /* PaymentProcessor.m in Sources */ = {isa = PBXBuildFile; fileRef = 4EE0132F17306CDF00934896 /* PaymentProcessor.m */; };
		4EE013331730BA6700934896 /* settings@2x.png in Resources */ = {isa = PBXBuildFile; fileRef = 4EE013311730BA6700934896 /* settings@2x.png */; };
		4EE013341730BA6700934896 /* settings.png in Resources */ = {isa = PBXBuildFile; fileRef = 4EE013321730BA6700934896 /* settings.png */; };
		4EE013381730BCDA00934896 /* ideo_60x60_white_0002.png in Resources */ = {isa = PBXBuildFile; fileRef = 4EE013371730BCDA00934896 /* ideo_60x60_white_0002.png */; };
		4EE0133A1730BD3D00934896 /* ligne.png in Resources */ = {isa = PBXBuildFile; fileRef = 4EE013391730BD3D00934896 /* ligne.png */; };
		4EF43697173217860002E01E /* Appirater.m in Sources */ = {isa = PBXBuildFile; fileRef = 4EF43648173217850002E01E /* Appirater.m */; };
		4EF43698173217860002E01E /* Appirater.podspec in Resources */ = {isa = PBXBuildFile; fileRef = 4EF43649173217850002E01E /* Appirater.podspec */; };
		4EF4369E173217860002E01E /* AppiraterLocalizable.strings in Resources */ = {isa = PBXBuildFile; fileRef = 4EF4365B173217850002E01E /* AppiraterLocalizable.strings */; };
		4EF436B417321BEF0002E01E /* CFNetwork.framework in Frameworks */ = {isa = PBXBuildFile; fileRef = 4EF436B317321BEF0002E01E /* CFNetwork.framework */; };
		4EF436B617321C600002E01E /* SystemConfiguration.framework in Frameworks */ = {isa = PBXBuildFile; fileRef = 4EF436B517321C600002E01E /* SystemConfiguration.framework */; };
		4EF436BD173249D40002E01E /* part_body_0008.png in Resources */ = {isa = PBXBuildFile; fileRef = 4EF436B7173249D40002E01E /* part_body_0008.png */; };
		4EF436BE173249D40002E01E /* part_body_0007.png in Resources */ = {isa = PBXBuildFile; fileRef = 4EF436B8173249D40002E01E /* part_body_0007.png */; };
		4EF436BF173249D40002E01E /* part_head_0007.png in Resources */ = {isa = PBXBuildFile; fileRef = 4EF436B9173249D40002E01E /* part_head_0007.png */; };
		4EF436C0173249D40002E01E /* part_head_0008.png in Resources */ = {isa = PBXBuildFile; fileRef = 4EF436BA173249D40002E01E /* part_head_0008.png */; };
		4EF436C1173249D40002E01E /* part_feet_0008.png in Resources */ = {isa = PBXBuildFile; fileRef = 4EF436BB173249D40002E01E /* part_feet_0008.png */; };
		4EF436C2173249D40002E01E /* part_feet_0007.png in Resources */ = {isa = PBXBuildFile; fileRef = 4EF436BC173249D40002E01E /* part_feet_0007.png */; };
		4EF436D2173273E10002E01E /* ideo_60x60_white_0003.png in Resources */ = {isa = PBXBuildFile; fileRef = 4EF436D1173273E10002E01E /* ideo_60x60_white_0003.png */; };
		4EF436D5173274BC0002E01E /* SettingsViewController.m in Sources */ = {isa = PBXBuildFile; fileRef = 4EF436D4173274BC0002E01E /* SettingsViewController.m */; };
		4EF436D8173276660002E01E /* onoff_state0001.png in Resources */ = {isa = PBXBuildFile; fileRef = 4EF436D6173276660002E01E /* onoff_state0001.png */; };
		4EF436D9173276660002E01E /* onoff_state0002.png in Resources */ = {isa = PBXBuildFile; fileRef = 4EF436D7173276660002E01E /* onoff_state0002.png */; };
/* End PBXBuildFile section */

/* Begin PBXFileReference section */
		4E02F3E91626175800C6B8DD /* blink-flash_0001.png */ = {isa = PBXFileReference; lastKnownFileType = image.png; path = "blink-flash_0001.png"; sourceTree = "<group>"; };
		4E02F3EA1626175800C6B8DD /* blink-flash_0002.png */ = {isa = PBXFileReference; lastKnownFileType = image.png; path = "blink-flash_0002.png"; sourceTree = "<group>"; };
		4E2128FF16151440003290E9 /* MG_LoopScrollView.h */ = {isa = PBXFileReference; fileEncoding = 4; lastKnownFileType = sourcecode.c.h; path = MG_LoopScrollView.h; sourceTree = "<group>"; };
		4E21290016151440003290E9 /* MG_LoopScrollView.m */ = {isa = PBXFileReference; fileEncoding = 4; lastKnownFileType = sourcecode.c.objc; path = MG_LoopScrollView.m; sourceTree = "<group>"; };
		4E2A7003160A7059007AC03B /* part_body_blur_0001.png */ = {isa = PBXFileReference; lastKnownFileType = image.png; path = part_body_blur_0001.png; sourceTree = "<group>"; };
		4E2A7004160A7059007AC03B /* part_body_blur_0002.png */ = {isa = PBXFileReference; lastKnownFileType = image.png; path = part_body_blur_0002.png; sourceTree = "<group>"; };
		4E2A7005160A7059007AC03B /* part_body_blur_0003.png */ = {isa = PBXFileReference; lastKnownFileType = image.png; path = part_body_blur_0003.png; sourceTree = "<group>"; };
		4E2A7006160A7059007AC03B /* part_body_blur_0004.png */ = {isa = PBXFileReference; lastKnownFileType = image.png; path = part_body_blur_0004.png; sourceTree = "<group>"; };
		4E2A7007160A7059007AC03B /* part_body_blur_0005.png */ = {isa = PBXFileReference; lastKnownFileType = image.png; path = part_body_blur_0005.png; sourceTree = "<group>"; };
		4E2A7008160A7059007AC03B /* part_body_blur_0006.png */ = {isa = PBXFileReference; lastKnownFileType = image.png; path = part_body_blur_0006.png; sourceTree = "<group>"; };
		4E2A7009160A7059007AC03B /* part_feet_blur_0001.png */ = {isa = PBXFileReference; lastKnownFileType = image.png; path = part_feet_blur_0001.png; sourceTree = "<group>"; };
		4E2A700A160A7059007AC03B /* part_feet_blur_0002.png */ = {isa = PBXFileReference; lastKnownFileType = image.png; path = part_feet_blur_0002.png; sourceTree = "<group>"; };
		4E2A700B160A7059007AC03B /* part_feet_blur_0003.png */ = {isa = PBXFileReference; lastKnownFileType = image.png; path = part_feet_blur_0003.png; sourceTree = "<group>"; };
		4E2A700C160A7059007AC03B /* part_feet_blur_0004.png */ = {isa = PBXFileReference; lastKnownFileType = image.png; path = part_feet_blur_0004.png; sourceTree = "<group>"; };
		4E2A700D160A7059007AC03B /* part_feet_blur_0005.png */ = {isa = PBXFileReference; lastKnownFileType = image.png; path = part_feet_blur_0005.png; sourceTree = "<group>"; };
		4E2A700E160A7059007AC03B /* part_feet_blur_0006.png */ = {isa = PBXFileReference; lastKnownFileType = image.png; path = part_feet_blur_0006.png; sourceTree = "<group>"; };
		4E2A700F160A7059007AC03B /* part_head_blur_0001.png */ = {isa = PBXFileReference; lastKnownFileType = image.png; path = part_head_blur_0001.png; sourceTree = "<group>"; };
		4E2A7010160A7059007AC03B /* part_head_blur_0002.png */ = {isa = PBXFileReference; lastKnownFileType = image.png; path = part_head_blur_0002.png; sourceTree = "<group>"; };
		4E2A7011160A7059007AC03B /* part_head_blur_0003.png */ = {isa = PBXFileReference; lastKnownFileType = image.png; path = part_head_blur_0003.png; sourceTree = "<group>"; };
		4E2A7012160A7059007AC03B /* part_head_blur_0004.png */ = {isa = PBXFileReference; lastKnownFileType = image.png; path = part_head_blur_0004.png; sourceTree = "<group>"; };
		4E2A7013160A7059007AC03B /* part_head_blur_0005.png */ = {isa = PBXFileReference; lastKnownFileType = image.png; path = part_head_blur_0005.png; sourceTree = "<group>"; };
		4E2A7014160A7059007AC03B /* part_head_blur_0006.png */ = {isa = PBXFileReference; lastKnownFileType = image.png; path = part_head_blur_0006.png; sourceTree = "<group>"; };
		4E2A7016160A7059007AC03B /* part_body_0001.png */ = {isa = PBXFileReference; lastKnownFileType = image.png; path = part_body_0001.png; sourceTree = "<group>"; };
		4E2A7017160A7059007AC03B /* part_body_0002.png */ = {isa = PBXFileReference; lastKnownFileType = image.png; path = part_body_0002.png; sourceTree = "<group>"; };
		4E2A7018160A7059007AC03B /* part_body_0003.png */ = {isa = PBXFileReference; lastKnownFileType = image.png; path = part_body_0003.png; sourceTree = "<group>"; };
		4E2A7019160A7059007AC03B /* part_body_0004.png */ = {isa = PBXFileReference; lastKnownFileType = image.png; path = part_body_0004.png; sourceTree = "<group>"; };
		4E2A701A160A7059007AC03B /* part_body_0005.png */ = {isa = PBXFileReference; lastKnownFileType = image.png; path = part_body_0005.png; sourceTree = "<group>"; };
		4E2A701B160A7059007AC03B /* part_body_0006.png */ = {isa = PBXFileReference; lastKnownFileType = image.png; path = part_body_0006.png; sourceTree = "<group>"; };
		4E2A701C160A7059007AC03B /* part_feet_0001.png */ = {isa = PBXFileReference; lastKnownFileType = image.png; path = part_feet_0001.png; sourceTree = "<group>"; };
		4E2A701D160A7059007AC03B /* part_feet_0002.png */ = {isa = PBXFileReference; lastKnownFileType = image.png; path = part_feet_0002.png; sourceTree = "<group>"; };
		4E2A701E160A7059007AC03B /* part_feet_0003.png */ = {isa = PBXFileReference; lastKnownFileType = image.png; path = part_feet_0003.png; sourceTree = "<group>"; };
		4E2A701F160A7059007AC03B /* part_feet_0004.png */ = {isa = PBXFileReference; lastKnownFileType = image.png; path = part_feet_0004.png; sourceTree = "<group>"; };
		4E2A7020160A7059007AC03B /* part_feet_0005.png */ = {isa = PBXFileReference; lastKnownFileType = image.png; path = part_feet_0005.png; sourceTree = "<group>"; };
		4E2A7021160A7059007AC03B /* part_feet_0006.png */ = {isa = PBXFileReference; lastKnownFileType = image.png; path = part_feet_0006.png; sourceTree = "<group>"; };
		4E2A7022160A7059007AC03B /* part_head_0001.png */ = {isa = PBXFileReference; lastKnownFileType = image.png; path = part_head_0001.png; sourceTree = "<group>"; };
		4E2A7023160A7059007AC03B /* part_head_0002.png */ = {isa = PBXFileReference; lastKnownFileType = image.png; path = part_head_0002.png; sourceTree = "<group>"; };
		4E2A7024160A7059007AC03B /* part_head_0003.png */ = {isa = PBXFileReference; lastKnownFileType = image.png; path = part_head_0003.png; sourceTree = "<group>"; };
		4E2A7025160A7059007AC03B /* part_head_0004.png */ = {isa = PBXFileReference; lastKnownFileType = image.png; path = part_head_0004.png; sourceTree = "<group>"; };
		4E2A7026160A7059007AC03B /* part_head_0005.png */ = {isa = PBXFileReference; lastKnownFileType = image.png; path = part_head_0005.png; sourceTree = "<group>"; };
		4E2A7027160A7059007AC03B /* part_head_0006.png */ = {isa = PBXFileReference; lastKnownFileType = image.png; path = part_head_0006.png; sourceTree = "<group>"; };
		4E2C37E5172DD211004E06AD /* whip_whoosh_large_dowel_rod.mp3 */ = {isa = PBXFileReference; lastKnownFileType = audio.mp3; path = whip_whoosh_large_dowel_rod.mp3; sourceTree = "<group>"; };
		4E3BA1E9160AC40A003AF9B3 /* Default-568h@2x.png */ = {isa = PBXFileReference; lastKnownFileType = image.png; name = "Default-568h@2x.png"; path = "../Default-568h@2x.png"; sourceTree = "<group>"; };
		4E4057A1172CC5AD006D8A4F /* dans_la_jungle.mp3 */ = {isa = PBXFileReference; lastKnownFileType = audio.mp3; path = dans_la_jungle.mp3; sourceTree = "<group>"; };
		4E4057A3172CC680006D8A4F /* AudioToolbox.framework */ = {isa = PBXFileReference; lastKnownFileType = wrapper.framework; name = AudioToolbox.framework; path = System/Library/Frameworks/AudioToolbox.framework; sourceTree = SDKROOT; };
		4E4057A5172CC80E006D8A4F /* AVFoundation.framework */ = {isa = PBXFileReference; lastKnownFileType = wrapper.framework; name = AVFoundation.framework; path = System/Library/Frameworks/AVFoundation.framework; sourceTree = SDKROOT; };
		4E60E3E3160ACFAF003476EC /* app-icon-ipad@2x.png */ = {isa = PBXFileReference; lastKnownFileType = image.png; name = "app-icon-ipad@2x.png"; path = "../app-icon-ipad@2x.png"; sourceTree = "<group>"; };
		4E60E3E5160ACFCB003476EC /* app-icon-ipad.png */ = {isa = PBXFileReference; lastKnownFileType = image.png; name = "app-icon-ipad.png"; path = "../app-icon-ipad.png"; sourceTree = "<group>"; };
		4E60E3E7160ACFFE003476EC /* app-icon-iphone@2x.png */ = {isa = PBXFileReference; lastKnownFileType = image.png; name = "app-icon-iphone@2x.png"; path = "../app-icon-iphone@2x.png"; sourceTree = "<group>"; };
		4E60E3E9160AD0BD003476EC /* background_0001.png */ = {isa = PBXFileReference; lastKnownFileType = image.png; path = background_0001.png; sourceTree = "<group>"; };
		4E60E3EA160AD0BD003476EC /* background_0002.png */ = {isa = PBXFileReference; lastKnownFileType = image.png; path = background_0002.png; sourceTree = "<group>"; };
		4E8810A9160A904200578D34 /* Default.png */ = {isa = PBXFileReference; lastKnownFileType = image.png; name = Default.png; path = ../Default.png; sourceTree = "<group>"; };
		4E8810AC160A90C900578D34 /* app-icon@2x.png */ = {isa = PBXFileReference; lastKnownFileType = image.png; name = "app-icon@2x.png"; path = "../app-icon@2x.png"; sourceTree = "<group>"; };
		4E8810AE160A90CC00578D34 /* app-icon@1x.png */ = {isa = PBXFileReference; lastKnownFileType = image.png; name = "app-icon@1x.png"; path = "../app-icon@1x.png"; sourceTree = "<group>"; };
		4E898C2015FA989D000E9677 /* Chimera.app */ = {isa = PBXFileReference; explicitFileType = wrapper.application; includeInIndex = 0; path = Chimera.app; sourceTree = BUILT_PRODUCTS_DIR; };
		4E898C2415FA989D000E9677 /* UIKit.framework */ = {isa = PBXFileReference; lastKnownFileType = wrapper.framework; name = UIKit.framework; path = System/Library/Frameworks/UIKit.framework; sourceTree = SDKROOT; };
		4E898C2615FA989D000E9677 /* Foundation.framework */ = {isa = PBXFileReference; lastKnownFileType = wrapper.framework; name = Foundation.framework; path = System/Library/Frameworks/Foundation.framework; sourceTree = SDKROOT; };
		4E898C2815FA989D000E9677 /* CoreGraphics.framework */ = {isa = PBXFileReference; lastKnownFileType = wrapper.framework; name = CoreGraphics.framework; path = System/Library/Frameworks/CoreGraphics.framework; sourceTree = SDKROOT; };
		4E898C2C15FA989D000E9677 /* Chimera-Info.plist */ = {isa = PBXFileReference; lastKnownFileType = text.plist.xml; path = "Chimera-Info.plist"; sourceTree = "<group>"; };
		4E898C2E15FA989D000E9677 /* en */ = {isa = PBXFileReference; lastKnownFileType = text.plist.strings; name = en; path = en.lproj/InfoPlist.strings; sourceTree = "<group>"; };
		4E898C3015FA989D000E9677 /* main.m */ = {isa = PBXFileReference; lastKnownFileType = sourcecode.c.objc; path = main.m; sourceTree = "<group>"; };
		4E898C3215FA989D000E9677 /* Chimera-Prefix.pch */ = {isa = PBXFileReference; lastKnownFileType = sourcecode.c.h; path = "Chimera-Prefix.pch"; sourceTree = "<group>"; };
		4E898C3315FA989D000E9677 /* AppDelegate.h */ = {isa = PBXFileReference; lastKnownFileType = sourcecode.c.h; path = AppDelegate.h; sourceTree = "<group>"; };
		4E898C3415FA989D000E9677 /* AppDelegate.m */ = {isa = PBXFileReference; lastKnownFileType = sourcecode.c.objc; path = AppDelegate.m; sourceTree = "<group>"; };
		4E898C3715FA989D000E9677 /* en */ = {isa = PBXFileReference; lastKnownFileType = file.storyboard; name = en; path = en.lproj/MainStoryboard_iPhone.storyboard; sourceTree = "<group>"; };
		4E898C3A15FA989D000E9677 /* en */ = {isa = PBXFileReference; lastKnownFileType = file.storyboard; name = en; path = en.lproj/MainStoryboard_iPad.storyboard; sourceTree = "<group>"; };
		4E898C3C15FA989D000E9677 /* MainViewController.h */ = {isa = PBXFileReference; lastKnownFileType = sourcecode.c.h; path = MainViewController.h; sourceTree = "<group>"; };
		4E898C3D15FA989D000E9677 /* MainViewController.m */ = {isa = PBXFileReference; lastKnownFileType = sourcecode.c.objc; path = MainViewController.m; sourceTree = "<group>"; };
		4E898C3F15FA989D000E9677 /* FlipsideViewController.h */ = {isa = PBXFileReference; lastKnownFileType = sourcecode.c.h; path = FlipsideViewController.h; sourceTree = "<group>"; };
		4E898C4015FA989D000E9677 /* FlipsideViewController.m */ = {isa = PBXFileReference; lastKnownFileType = sourcecode.c.objc; path = FlipsideViewController.m; sourceTree = "<group>"; };
		4E9A3E3016253484003A4DB5 /* NSMutableArray+Shuffable.h */ = {isa = PBXFileReference; fileEncoding = 4; lastKnownFileType = sourcecode.c.h; path = "NSMutableArray+Shuffable.h"; sourceTree = "<group>"; };
		4E9A3E3116253484003A4DB5 /* NSMutableArray+Shuffable.m */ = {isa = PBXFileReference; fileEncoding = 4; lastKnownFileType = sourcecode.c.objc; path = "NSMutableArray+Shuffable.m"; sourceTree = "<group>"; };
		4EA3605517386FEC00AF9503 /* Default@2x.png */ = {isa = PBXFileReference; lastKnownFileType = image.png; path = "Default@2x.png"; sourceTree = "<group>"; };
		4EA36057173870A500AF9503 /* small icon.png */ = {isa = PBXFileReference; lastKnownFileType = image.png; path = "small icon.png"; sourceTree = "<group>"; };
		4EA36059173870A700AF9503 /* large icon.png */ = {isa = PBXFileReference; lastKnownFileType = image.png; path = "large icon.png"; sourceTree = "<group>"; };
		4EA3605B1738713500AF9503 /* logo_chimera.png */ = {isa = PBXFileReference; lastKnownFileType = image.png; path = logo_chimera.png; sourceTree = "<group>"; };
		4EA3605C1738713500AF9503 /* logo_wildswipe-130x100.png */ = {isa = PBXFileReference; lastKnownFileType = image.png; path = "logo_wildswipe-130x100.png"; sourceTree = "<group>"; };
		4EAD083E1734E26500DE5EBE /* PurchaseScreenViewController.h */ = {isa = PBXFileReference; fileEncoding = 4; lastKnownFileType = sourcecode.c.h; path = PurchaseScreenViewController.h; sourceTree = "<group>"; };
		4EAD083F1734E26500DE5EBE /* PurchaseScreenViewController.m */ = {isa = PBXFileReference; fileEncoding = 4; lastKnownFileType = sourcecode.c.objc; path = PurchaseScreenViewController.m; sourceTree = "<group>"; };
		4ED1589F172E863000801970 /* libTestFlight.a */ = {isa = PBXFileReference; lastKnownFileType = archive.ar; path = libTestFlight.a; sourceTree = "<group>"; };
		4ED158A0172E863000801970 /* README.md */ = {isa = PBXFileReference; fileEncoding = 4; lastKnownFileType = text; path = README.md; sourceTree = "<group>"; };
		4ED158A1172E863000801970 /* release_notes.md */ = {isa = PBXFileReference; fileEncoding = 4; lastKnownFileType = text; path = release_notes.md; sourceTree = "<group>"; };
		4ED158A2172E863000801970 /* TestFlight.h */ = {isa = PBXFileReference; fileEncoding = 4; lastKnownFileType = sourcecode.c.h; path = TestFlight.h; sourceTree = "<group>"; };
		4ED158A6172E865C00801970 /* libz.dylib */ = {isa = PBXFileReference; lastKnownFileType = "compiled.mach-o.dylib"; name = libz.dylib; path = usr/lib/libz.dylib; sourceTree = SDKROOT; };
		4ED158A9172E878C00801970 /* Crashlytics.framework */ = {isa = PBXFileReference; lastKnownFileType = wrapper.framework; path = Crashlytics.framework; sourceTree = "<group>"; };
		4ED24C17173320C90024AE01 /* logo-lesbandits-60x80.png */ = {isa = PBXFileReference; lastKnownFileType = image.png; path = "logo-lesbandits-60x80.png"; sourceTree = "<group>"; };
		4ED24C19173325290024AE01 /* switch_off.png */ = {isa = PBXFileReference; lastKnownFileType = image.png; path = switch_off.png; sourceTree = "<group>"; };
		4ED24C1A173325290024AE01 /* switch_on.png */ = {isa = PBXFileReference; lastKnownFileType = image.png; path = switch_on.png; sourceTree = "<group>"; };
		4ED24C1D17332F060024AE01 /* random.mp3 */ = {isa = PBXFileReference; lastKnownFileType = audio.mp3; path = random.mp3; sourceTree = "<group>"; };
		4ED24C20173330870024AE01 /* GAI.h */ = {isa = PBXFileReference; fileEncoding = 4; lastKnownFileType = sourcecode.c.h; path = GAI.h; sourceTree = "<group>"; };
		4ED24C21173330870024AE01 /* GAITrackedViewController.h */ = {isa = PBXFileReference; fileEncoding = 4; lastKnownFileType = sourcecode.c.h; path = GAITrackedViewController.h; sourceTree = "<group>"; };
		4ED24C22173330870024AE01 /* GAITracker.h */ = {isa = PBXFileReference; fileEncoding = 4; lastKnownFileType = sourcecode.c.h; path = GAITracker.h; sourceTree = "<group>"; };
		4ED24C23173330870024AE01 /* GAITransaction.h */ = {isa = PBXFileReference; fileEncoding = 4; lastKnownFileType = sourcecode.c.h; path = GAITransaction.h; sourceTree = "<group>"; };
		4ED24C24173330870024AE01 /* GAITransactionItem.h */ = {isa = PBXFileReference; fileEncoding = 4; lastKnownFileType = sourcecode.c.h; path = GAITransactionItem.h; sourceTree = "<group>"; };
		4ED24C25173330870024AE01 /* libGoogleAnalytics.a */ = {isa = PBXFileReference; lastKnownFileType = archive.ar; path = libGoogleAnalytics.a; sourceTree = "<group>"; };
		4ED24C281733340C0024AE01 /* CoreData.framework */ = {isa = PBXFileReference; lastKnownFileType = wrapper.framework; name = CoreData.framework; path = System/Library/Frameworks/CoreData.framework; sourceTree = SDKROOT; };
		4ED24C2A1733397F0024AE01 /* Preferences.h */ = {isa = PBXFileReference; fileEncoding = 4; lastKnownFileType = sourcecode.c.h; path = Preferences.h; sourceTree = "<group>"; };
		4ED24C2B1733397F0024AE01 /* Preferences.m */ = {isa = PBXFileReference; fileEncoding = 4; lastKnownFileType = sourcecode.c.objc; path = Preferences.m; sourceTree = "<group>"; };
		4ED24C2D173399EB0024AE01 /* part_body_blur_0007.png */ = {isa = PBXFileReference; lastKnownFileType = image.png; path = part_body_blur_0007.png; sourceTree = "<group>"; };
		4ED24C2E173399EB0024AE01 /* part_body_blur_0008.png */ = {isa = PBXFileReference; lastKnownFileType = image.png; path = part_body_blur_0008.png; sourceTree = "<group>"; };
		4ED24C2F173399EB0024AE01 /* part_feet_blur_0007.png */ = {isa = PBXFileReference; lastKnownFileType = image.png; path = part_feet_blur_0007.png; sourceTree = "<group>"; };
		4ED24C30173399EB0024AE01 /* part_feet_blur_0008.png */ = {isa = PBXFileReference; lastKnownFileType = image.png; path = part_feet_blur_0008.png; sourceTree = "<group>"; };
		4ED24C31173399EB0024AE01 /* part_head_blur_0007.png */ = {isa = PBXFileReference; lastKnownFileType = image.png; path = part_head_blur_0007.png; sourceTree = "<group>"; };
		4ED24C32173399EB0024AE01 /* part_head_blur_0008.png */ = {isa = PBXFileReference; lastKnownFileType = image.png; path = part_head_blur_0008.png; sourceTree = "<group>"; };
		4ED24C391733A24C0024AE01 /* button.png */ = {isa = PBXFileReference; lastKnownFileType = image.png; path = button.png; sourceTree = "<group>"; };
		4ED24C3B173493280024AE01 /* button-pressed.png */ = {isa = PBXFileReference; lastKnownFileType = image.png; path = "button-pressed.png"; sourceTree = "<group>"; };
		4ED24C3D173493690024AE01 /* animals-group.png */ = {isa = PBXFileReference; lastKnownFileType = image.png; path = "animals-group.png"; sourceTree = "<group>"; };
		4EE0131F172F396200934896 /* cheering.mp3 */ = {isa = PBXFileReference; lastKnownFileType = audio.mp3; path = cheering.mp3; sourceTree = "<group>"; };
		4EE0132C17306C9900934896 /* StoreKit.framework */ = {isa = PBXFileReference; lastKnownFileType = wrapper.framework; name = StoreKit.framework; path = System/Library/Frameworks/StoreKit.framework; sourceTree = SDKROOT; };
		4EE0132E17306CDF00934896 /* PaymentProcessor.h */ = {isa = PBXFileReference; fileEncoding = 4; lastKnownFileType = sourcecode.c.h; path = PaymentProcessor.h; sourceTree = "<group>"; };
		4EE0132F17306CDF00934896 /* PaymentProcessor.m */ = {isa = PBXFileReference; fileEncoding = 4; lastKnownFileType = sourcecode.c.objc; path = PaymentProcessor.m; sourceTree = "<group>"; };
		4EE013311730BA6700934896 /* settings@2x.png */ = {isa = PBXFileReference; lastKnownFileType = image.png; path = "settings@2x.png"; sourceTree = "<group>"; };
		4EE013321730BA6700934896 /* settings.png */ = {isa = PBXFileReference; lastKnownFileType = image.png; path = settings.png; sourceTree = "<group>"; };
		4EE013371730BCDA00934896 /* ideo_60x60_white_0002.png */ = {isa = PBXFileReference; lastKnownFileType = image.png; path = ideo_60x60_white_0002.png; sourceTree = "<group>"; };
		4EE013391730BD3D00934896 /* ligne.png */ = {isa = PBXFileReference; lastKnownFileType = image.png; path = ligne.png; sourceTree = "<group>"; };
		4EF43647173217850002E01E /* Appirater.h */ = {isa = PBXFileReference; fileEncoding = 4; lastKnownFileType = sourcecode.c.h; name = Appirater.h; path = AppiRater/Appirater.h; sourceTree = "<group>"; };
		4EF43648173217850002E01E /* Appirater.m */ = {isa = PBXFileReference; fileEncoding = 4; lastKnownFileType = sourcecode.c.objc; name = Appirater.m; path = AppiRater/Appirater.m; sourceTree = "<group>"; };
		4EF43649173217850002E01E /* Appirater.podspec */ = {isa = PBXFileReference; fileEncoding = 4; lastKnownFileType = text; name = Appirater.podspec; path = AppiRater/Appirater.podspec; sourceTree = "<group>"; };
		4EF4364A173217850002E01E /* AppiraterDelegate.h */ = {isa = PBXFileReference; fileEncoding = 4; lastKnownFileType = sourcecode.c.h; name = AppiraterDelegate.h; path = AppiRater/AppiraterDelegate.h; sourceTree = "<group>"; };
		4EF4364D173217850002E01E /* ca */ = {isa = PBXFileReference; lastKnownFileType = text.plist.strings; name = ca; path = AppiraterLocalizable.strings; sourceTree = "<group>"; };
		4EF43650173217850002E01E /* cs */ = {isa = PBXFileReference; lastKnownFileType = text.plist.strings; name = cs; path = AppiraterLocalizable.strings; sourceTree = "<group>"; };
		4EF43653173217850002E01E /* da */ = {isa = PBXFileReference; lastKnownFileType = text.plist.strings; name = da; path = AppiraterLocalizable.strings; sourceTree = "<group>"; };
		4EF43656173217850002E01E /* de */ = {isa = PBXFileReference; lastKnownFileType = text.plist.strings; name = de; path = AppiraterLocalizable.strings; sourceTree = "<group>"; };
		4EF43659173217850002E01E /* el */ = {isa = PBXFileReference; lastKnownFileType = text.plist.strings; name = el; path = AppiraterLocalizable.strings; sourceTree = "<group>"; };
		4EF4365C173217850002E01E /* en */ = {isa = PBXFileReference; lastKnownFileType = text.plist.strings; name = en; path = AppiraterLocalizable.strings; sourceTree = "<group>"; };
		4EF4365F173217860002E01E /* es */ = {isa = PBXFileReference; lastKnownFileType = text.plist.strings; name = es; path = AppiraterLocalizable.strings; sourceTree = "<group>"; };
		4EF43662173217860002E01E /* fi */ = {isa = PBXFileReference; lastKnownFileType = text.plist.strings; name = fi; path = AppiraterLocalizable.strings; sourceTree = "<group>"; };
		4EF43665173217860002E01E /* fr */ = {isa = PBXFileReference; lastKnownFileType = text.plist.strings; name = fr; path = AppiraterLocalizable.strings; sourceTree = "<group>"; };
		4EF43668173217860002E01E /* he */ = {isa = PBXFileReference; lastKnownFileType = text.plist.strings; name = he; path = AppiraterLocalizable.strings; sourceTree = "<group>"; };
		4EF4366B173217860002E01E /* hu */ = {isa = PBXFileReference; lastKnownFileType = text.plist.strings; name = hu; path = AppiraterLocalizable.strings; sourceTree = "<group>"; };
		4EF4366E173217860002E01E /* it */ = {isa = PBXFileReference; lastKnownFileType = text.plist.strings; name = it; path = AppiraterLocalizable.strings; sourceTree = "<group>"; };
		4EF43671173217860002E01E /* ja */ = {isa = PBXFileReference; lastKnownFileType = text.plist.strings; name = ja; path = AppiraterLocalizable.strings; sourceTree = "<group>"; };
		4EF43674173217860002E01E /* ko */ = {isa = PBXFileReference; lastKnownFileType = text.plist.strings; name = ko; path = AppiraterLocalizable.strings; sourceTree = "<group>"; };
		4EF43677173217860002E01E /* nb */ = {isa = PBXFileReference; lastKnownFileType = text.plist.strings; name = nb; path = AppiraterLocalizable.strings; sourceTree = "<group>"; };
		4EF4367A173217860002E01E /* nl */ = {isa = PBXFileReference; lastKnownFileType = text.plist.strings; name = nl; path = AppiraterLocalizable.strings; sourceTree = "<group>"; };
		4EF4367D173217860002E01E /* pl */ = {isa = PBXFileReference; lastKnownFileType = text.plist.strings; name = pl; path = AppiraterLocalizable.strings; sourceTree = "<group>"; };
		4EF43680173217860002E01E /* pt */ = {isa = PBXFileReference; lastKnownFileType = text.plist.strings; name = pt; path = AppiraterLocalizable.strings; sourceTree = "<group>"; };
		4EF43681173217860002E01E /* README.md */ = {isa = PBXFileReference; fileEncoding = 4; lastKnownFileType = text; name = README.md; path = AppiRater/README.md; sourceTree = "<group>"; };
		4EF43684173217860002E01E /* ro */ = {isa = PBXFileReference; lastKnownFileType = text.plist.strings; name = ro; path = AppiraterLocalizable.strings; sourceTree = "<group>"; };
		4EF43687173217860002E01E /* ru */ = {isa = PBXFileReference; lastKnownFileType = text.plist.strings; name = ru; path = AppiraterLocalizable.strings; sourceTree = "<group>"; };
		4EF4368A173217860002E01E /* sk */ = {isa = PBXFileReference; lastKnownFileType = text.plist.strings; name = sk; path = AppiraterLocalizable.strings; sourceTree = "<group>"; };
		4EF4368D173217860002E01E /* sv */ = {isa = PBXFileReference; lastKnownFileType = text.plist.strings; name = sv; path = AppiraterLocalizable.strings; sourceTree = "<group>"; };
		4EF43690173217860002E01E /* tr */ = {isa = PBXFileReference; lastKnownFileType = text.plist.strings; name = tr; path = AppiraterLocalizable.strings; sourceTree = "<group>"; };
		4EF43693173217860002E01E /* zh-Hans */ = {isa = PBXFileReference; lastKnownFileType = text.plist.strings; name = "zh-Hans"; path = AppiraterLocalizable.strings; sourceTree = "<group>"; };
		4EF43696173217860002E01E /* zh-Hant */ = {isa = PBXFileReference; lastKnownFileType = text.plist.strings; name = "zh-Hant"; path = AppiraterLocalizable.strings; sourceTree = "<group>"; };
		4EF436B317321BEF0002E01E /* CFNetwork.framework */ = {isa = PBXFileReference; lastKnownFileType = wrapper.framework; name = CFNetwork.framework; path = System/Library/Frameworks/CFNetwork.framework; sourceTree = SDKROOT; };
		4EF436B517321C600002E01E /* SystemConfiguration.framework */ = {isa = PBXFileReference; lastKnownFileType = wrapper.framework; name = SystemConfiguration.framework; path = System/Library/Frameworks/SystemConfiguration.framework; sourceTree = SDKROOT; };
		4EF436B7173249D40002E01E /* part_body_0008.png */ = {isa = PBXFileReference; lastKnownFileType = image.png; path = part_body_0008.png; sourceTree = "<group>"; };
		4EF436B8173249D40002E01E /* part_body_0007.png */ = {isa = PBXFileReference; lastKnownFileType = image.png; path = part_body_0007.png; sourceTree = "<group>"; };
		4EF436B9173249D40002E01E /* part_head_0007.png */ = {isa = PBXFileReference; lastKnownFileType = image.png; path = part_head_0007.png; sourceTree = "<group>"; };
		4EF436BA173249D40002E01E /* part_head_0008.png */ = {isa = PBXFileReference; lastKnownFileType = image.png; path = part_head_0008.png; sourceTree = "<group>"; };
		4EF436BB173249D40002E01E /* part_feet_0008.png */ = {isa = PBXFileReference; lastKnownFileType = image.png; path = part_feet_0008.png; sourceTree = "<group>"; };
		4EF436BC173249D40002E01E /* part_feet_0007.png */ = {isa = PBXFileReference; lastKnownFileType = image.png; path = part_feet_0007.png; sourceTree = "<group>"; };
		4EF436CF1732709A0002E01E /* background_0002.png */ = {isa = PBXFileReference; lastKnownFileType = image.png; path = background_0002.png; sourceTree = "<group>"; };
		4EF436D1173273E10002E01E /* ideo_60x60_white_0003.png */ = {isa = PBXFileReference; lastKnownFileType = image.png; path = ideo_60x60_white_0003.png; sourceTree = "<group>"; };
		4EF436D3173274BC0002E01E /* SettingsViewController.h */ = {isa = PBXFileReference; fileEncoding = 4; lastKnownFileType = sourcecode.c.h; path = SettingsViewController.h; sourceTree = "<group>"; };
		4EF436D4173274BC0002E01E /* SettingsViewController.m */ = {isa = PBXFileReference; fileEncoding = 4; lastKnownFileType = sourcecode.c.objc; path = SettingsViewController.m; sourceTree = "<group>"; };
		4EF436D6173276660002E01E /* onoff_state0001.png */ = {isa = PBXFileReference; lastKnownFileType = image.png; path = onoff_state0001.png; sourceTree = "<group>"; };
		4EF436D7173276660002E01E /* onoff_state0002.png */ = {isa = PBXFileReference; lastKnownFileType = image.png; path = onoff_state0002.png; sourceTree = "<group>"; };
/* End PBXFileReference section */

/* Begin PBXFrameworksBuildPhase section */
		4E898C1D15FA989D000E9677 /* Frameworks */ = {
			isa = PBXFrameworksBuildPhase;
			buildActionMask = 2147483647;
			files = (
				4ED24C291733340C0024AE01 /* CoreData.framework in Frameworks */,
				4EF436B617321C600002E01E /* SystemConfiguration.framework in Frameworks */,
				4EF436B417321BEF0002E01E /* CFNetwork.framework in Frameworks */,
				4EE0132D17306C9900934896 /* StoreKit.framework in Frameworks */,
				4ED158A7172E865C00801970 /* libz.dylib in Frameworks */,
				4E4057A6172CC80E006D8A4F /* AVFoundation.framework in Frameworks */,
				4E4057A4172CC680006D8A4F /* AudioToolbox.framework in Frameworks */,
				4E898C2515FA989D000E9677 /* UIKit.framework in Frameworks */,
				4E898C2715FA989D000E9677 /* Foundation.framework in Frameworks */,
				4E898C2915FA989D000E9677 /* CoreGraphics.framework in Frameworks */,
				4ED158A3172E863000801970 /* libTestFlight.a in Frameworks */,
				4ED158AA172E878C00801970 /* Crashlytics.framework in Frameworks */,
				4ED24C26173330870024AE01 /* libGoogleAnalytics.a in Frameworks */,
			);
			runOnlyForDeploymentPostprocessing = 0;
		};
/* End PBXFrameworksBuildPhase section */

/* Begin PBXGroup section */
		4E2A7002160A7059007AC03B /* part-blur */ = {
			isa = PBXGroup;
			children = (
				4E2A7003160A7059007AC03B /* part_body_blur_0001.png */,
				4E2A7004160A7059007AC03B /* part_body_blur_0002.png */,
				4E2A7005160A7059007AC03B /* part_body_blur_0003.png */,
				4E2A7006160A7059007AC03B /* part_body_blur_0004.png */,
				4E2A7007160A7059007AC03B /* part_body_blur_0005.png */,
				4E2A7008160A7059007AC03B /* part_body_blur_0006.png */,
				4E2A7009160A7059007AC03B /* part_feet_blur_0001.png */,
				4E2A700A160A7059007AC03B /* part_feet_blur_0002.png */,
				4E2A700B160A7059007AC03B /* part_feet_blur_0003.png */,
				4E2A700C160A7059007AC03B /* part_feet_blur_0004.png */,
				4E2A700D160A7059007AC03B /* part_feet_blur_0005.png */,
				4E2A700E160A7059007AC03B /* part_feet_blur_0006.png */,
				4E2A700F160A7059007AC03B /* part_head_blur_0001.png */,
				4E2A7010160A7059007AC03B /* part_head_blur_0002.png */,
				4E2A7011160A7059007AC03B /* part_head_blur_0003.png */,
				4E2A7012160A7059007AC03B /* part_head_blur_0004.png */,
				4E2A7013160A7059007AC03B /* part_head_blur_0005.png */,
				4E2A7014160A7059007AC03B /* part_head_blur_0006.png */,
				4ED24C2D173399EB0024AE01 /* part_body_blur_0007.png */,
				4ED24C2E173399EB0024AE01 /* part_body_blur_0008.png */,
				4ED24C2F173399EB0024AE01 /* part_feet_blur_0007.png */,
				4ED24C30173399EB0024AE01 /* part_feet_blur_0008.png */,
				4ED24C31173399EB0024AE01 /* part_head_blur_0007.png */,
				4ED24C32173399EB0024AE01 /* part_head_blur_0008.png */,
			);
			path = "part-blur";
			sourceTree = "<group>";
		};
		4E2A7015160A7059007AC03B /* part-normal */ = {
			isa = PBXGroup;
			children = (
				4EF436B7173249D40002E01E /* part_body_0008.png */,
				4EF436B8173249D40002E01E /* part_body_0007.png */,
				4EF436B9173249D40002E01E /* part_head_0007.png */,
				4EF436BA173249D40002E01E /* part_head_0008.png */,
				4EF436BB173249D40002E01E /* part_feet_0008.png */,
				4EF436BC173249D40002E01E /* part_feet_0007.png */,
				4E2A7016160A7059007AC03B /* part_body_0001.png */,
				4E2A7017160A7059007AC03B /* part_body_0002.png */,
				4E2A7018160A7059007AC03B /* part_body_0003.png */,
				4E2A7019160A7059007AC03B /* part_body_0004.png */,
				4E2A701A160A7059007AC03B /* part_body_0005.png */,
				4E2A701B160A7059007AC03B /* part_body_0006.png */,
				4E2A701C160A7059007AC03B /* part_feet_0001.png */,
				4E2A701D160A7059007AC03B /* part_feet_0002.png */,
				4E2A701E160A7059007AC03B /* part_feet_0003.png */,
				4E2A701F160A7059007AC03B /* part_feet_0004.png */,
				4E2A7020160A7059007AC03B /* part_feet_0005.png */,
				4E2A7021160A7059007AC03B /* part_feet_0006.png */,
				4E2A7022160A7059007AC03B /* part_head_0001.png */,
				4E2A7023160A7059007AC03B /* part_head_0002.png */,
				4E2A7024160A7059007AC03B /* part_head_0003.png */,
				4E2A7025160A7059007AC03B /* part_head_0004.png */,
				4E2A7026160A7059007AC03B /* part_head_0005.png */,
				4E2A7027160A7059007AC03B /* part_head_0006.png */,
			);
			path = "part-normal";
			sourceTree = "<group>";
		};
		4E898C1515FA989D000E9677 = {
			isa = PBXGroup;
			children = (
				4EA36059173870A700AF9503 /* large icon.png */,
				4EA36057173870A500AF9503 /* small icon.png */,
				4EA3605517386FEC00AF9503 /* Default@2x.png */,
				4E898C2A15FA989D000E9677 /* Chimera */,
				4E898C2315FA989D000E9677 /* Frameworks */,
				4E898C2115FA989D000E9677 /* Products */,
			);
			sourceTree = "<group>";
		};
		4E898C2115FA989D000E9677 /* Products */ = {
			isa = PBXGroup;
			children = (
				4E898C2015FA989D000E9677 /* Chimera.app */,
			);
			name = Products;
			sourceTree = "<group>";
		};
		4E898C2315FA989D000E9677 /* Frameworks */ = {
			isa = PBXGroup;
			children = (
				4ED24C271733308C0024AE01 /* GoogleAnalytics */,
				4ED24C281733340C0024AE01 /* CoreData.framework */,
				4EF436B517321C600002E01E /* SystemConfiguration.framework */,
				4EF436B317321BEF0002E01E /* CFNetwork.framework */,
				4EE0132C17306C9900934896 /* StoreKit.framework */,
				4E4057A3172CC680006D8A4F /* AudioToolbox.framework */,
				4E4057A5172CC80E006D8A4F /* AVFoundation.framework */,
				4E898C2815FA989D000E9677 /* CoreGraphics.framework */,
				4ED158A9172E878C00801970 /* Crashlytics.framework */,
				4E898C2615FA989D000E9677 /* Foundation.framework */,
				4ED158A6172E865C00801970 /* libz.dylib */,
				4ED1589E172E862200801970 /* Parse.framework */,
				4E898C2415FA989D000E9677 /* UIKit.framework */,
			);
			name = Frameworks;
			sourceTree = "<group>";
		};
		4E898C2A15FA989D000E9677 /* Chimera */ = {
			isa = PBXGroup;
			children = (
				4EE013491732165400934896 /* AppiRater */,
				4E898C3315FA989D000E9677 /* AppDelegate.h */,
				4E898C3415FA989D000E9677 /* AppDelegate.m */,
				4E898C3F15FA989D000E9677 /* FlipsideViewController.h */,
				4E898C4015FA989D000E9677 /* FlipsideViewController.m */,
				4E898C3915FA989D000E9677 /* MainStoryboard_iPad.storyboard */,
				4E898C3615FA989D000E9677 /* MainStoryboard_iPhone.storyboard */,
				4E898C3C15FA989D000E9677 /* MainViewController.h */,
				4E898C3D15FA989D000E9677 /* MainViewController.m */,
				4E2128FF16151440003290E9 /* MG_LoopScrollView.h */,
				4E21290016151440003290E9 /* MG_LoopScrollView.m */,
				4E9A3E3016253484003A4DB5 /* NSMutableArray+Shuffable.h */,
				4E9A3E3116253484003A4DB5 /* NSMutableArray+Shuffable.m */,
				4EE0132E17306CDF00934896 /* PaymentProcessor.h */,
				4EE0132F17306CDF00934896 /* PaymentProcessor.m */,
				4ED24C2A1733397F0024AE01 /* Preferences.h */,
				4ED24C2B1733397F0024AE01 /* Preferences.m */,
				4EAD083E1734E26500DE5EBE /* PurchaseScreenViewController.h */,
				4EAD083F1734E26500DE5EBE /* PurchaseScreenViewController.m */,
				4EF436D3173274BC0002E01E /* SettingsViewController.h */,
				4EF436D4173274BC0002E01E /* SettingsViewController.m */,
				4E898C2B15FA989D000E9677 /* Supporting Files */,
			);
			path = Chimera;
			sourceTree = "<group>";
		};
		4E898C2B15FA989D000E9677 /* Supporting Files */ = {
			isa = PBXGroup;
			children = (
				4ED24C3B173493280024AE01 /* button-pressed.png */,
				4ED24C3D173493690024AE01 /* animals-group.png */,
				4ED24C391733A24C0024AE01 /* button.png */,
				4ED24C19173325290024AE01 /* switch_off.png */,
				4ED24C1A173325290024AE01 /* switch_on.png */,
				4ED24C17173320C90024AE01 /* logo-lesbandits-60x80.png */,
				4EF436D6173276660002E01E /* onoff_state0001.png */,
				4EF436D7173276660002E01E /* onoff_state0002.png */,
				4EF436D1173273E10002E01E /* ideo_60x60_white_0003.png */,
				4EF436CF1732709A0002E01E /* background_0002.png */,
				4ED24C1F17332F920024AE01 /* sounds */,
				4E60E3E7160ACFFE003476EC /* app-icon-iphone@2x.png */,
				4E60E3E5160ACFCB003476EC /* app-icon-ipad.png */,
				4E60E3E3160ACFAF003476EC /* app-icon-ipad@2x.png */,
				4E3BA1E9160AC40A003AF9B3 /* Default-568h@2x.png */,
				4E8810AE160A90CC00578D34 /* app-icon@1x.png */,
				4E8810AC160A90C900578D34 /* app-icon@2x.png */,
				4E8810A9160A904200578D34 /* Default.png */,
				4E02F3E91626175800C6B8DD /* blink-flash_0001.png */,
				4E02F3EA1626175800C6B8DD /* blink-flash_0002.png */,
				4E898C4715FAC613000E9677 /* Pictures */,
				4E898C2C15FA989D000E9677 /* Chimera-Info.plist */,
				4E898C2D15FA989D000E9677 /* InfoPlist.strings */,
				4E898C3015FA989D000E9677 /* main.m */,
				4E898C3215FA989D000E9677 /* Chimera-Prefix.pch */,
			);
			name = "Supporting Files";
			sourceTree = "<group>";
		};
		4E898C4715FAC613000E9677 /* Pictures */ = {
			isa = PBXGroup;
			children = (
				4EA3605B1738713500AF9503 /* logo_chimera.png */,
				4EA3605C1738713500AF9503 /* logo_wildswipe-130x100.png */,
				4EE013391730BD3D00934896 /* ligne.png */,
				4EE013371730BCDA00934896 /* ideo_60x60_white_0002.png */,
				4EE013311730BA6700934896 /* settings@2x.png */,
				4EE013321730BA6700934896 /* settings.png */,
				4E60E3E9160AD0BD003476EC /* background_0001.png */,
				4E60E3EA160AD0BD003476EC /* background_0002.png */,
				4E2A7002160A7059007AC03B /* part-blur */,
				4E2A7015160A7059007AC03B /* part-normal */,
			);
			name = Pictures;
			sourceTree = "<group>";
		};
		4ED1589E172E862200801970 /* Parse.framework */ = {
			isa = PBXGroup;
			children = (
				4ED1589F172E863000801970 /* libTestFlight.a */,
				4ED158A0172E863000801970 /* README.md */,
				4ED158A1172E863000801970 /* release_notes.md */,
				4ED158A2172E863000801970 /* TestFlight.h */,
			);
			name = Parse.framework;
			sourceTree = "<group>";
		};
		4ED24C1F17332F920024AE01 /* sounds */ = {
			isa = PBXGroup;
			children = (
				4ED24C1D17332F060024AE01 /* random.mp3 */,
				4EE0131F172F396200934896 /* cheering.mp3 */,
				4E4057A1172CC5AD006D8A4F /* dans_la_jungle.mp3 */,
				4E2C37E5172DD211004E06AD /* whip_whoosh_large_dowel_rod.mp3 */,
			);
			name = sounds;
			sourceTree = "<group>";
		};
		4ED24C271733308C0024AE01 /* GoogleAnalytics */ = {
			isa = PBXGroup;
			children = (
				4ED24C20173330870024AE01 /* GAI.h */,
				4ED24C21173330870024AE01 /* GAITrackedViewController.h */,
				4ED24C22173330870024AE01 /* GAITracker.h */,
				4ED24C23173330870024AE01 /* GAITransaction.h */,
				4ED24C24173330870024AE01 /* GAITransactionItem.h */,
				4ED24C25173330870024AE01 /* libGoogleAnalytics.a */,
			);
			name = GoogleAnalytics;
			sourceTree = "<group>";
		};
		4EE013491732165400934896 /* AppiRater */ = {
			isa = PBXGroup;
			children = (
				4EF43647173217850002E01E /* Appirater.h */,
				4EF43648173217850002E01E /* Appirater.m */,
				4EF43649173217850002E01E /* Appirater.podspec */,
				4EF4364A173217850002E01E /* AppiraterDelegate.h */,
				4EF4364B173217850002E01E /* ca.lproj */,
				4EF4364E173217850002E01E /* cs.lproj */,
				4EF43651173217850002E01E /* da.lproj */,
				4EF43654173217850002E01E /* de.lproj */,
				4EF43657173217850002E01E /* el.lproj */,
				4EF4365A173217850002E01E /* en.lproj */,
				4EF4365D173217850002E01E /* es.lproj */,
				4EF43660173217860002E01E /* fi.lproj */,
				4EF43663173217860002E01E /* fr.lproj */,
				4EF43666173217860002E01E /* he.lproj */,
				4EF43669173217860002E01E /* hu.lproj */,
				4EF4366C173217860002E01E /* it.lproj */,
				4EF4366F173217860002E01E /* ja.lproj */,
				4EF43672173217860002E01E /* ko.lproj */,
				4EF43675173217860002E01E /* nb.lproj */,
				4EF43678173217860002E01E /* nl.lproj */,
				4EF4367B173217860002E01E /* pl.lproj */,
				4EF4367E173217860002E01E /* pt.lproj */,
				4EF43681173217860002E01E /* README.md */,
				4EF43682173217860002E01E /* ro.lproj */,
				4EF43685173217860002E01E /* ru.lproj */,
				4EF43688173217860002E01E /* sk.lproj */,
				4EF4368B173217860002E01E /* sv.lproj */,
				4EF4368E173217860002E01E /* tr.lproj */,
				4EF43691173217860002E01E /* zh-Hans.lproj */,
				4EF43694173217860002E01E /* zh-Hant.lproj */,
			);
			name = AppiRater;
			sourceTree = "<group>";
		};
		4EF4364B173217850002E01E /* ca.lproj */ = {
			isa = PBXGroup;
			children = (
				4EF4364C173217850002E01E /* AppiraterLocalizable.strings */,
			);
			name = ca.lproj;
			path = AppiRater/ca.lproj;
			sourceTree = "<group>";
		};
		4EF4364E173217850002E01E /* cs.lproj */ = {
			isa = PBXGroup;
			children = (
				4EF4364F173217850002E01E /* AppiraterLocalizable.strings */,
			);
			name = cs.lproj;
			path = AppiRater/cs.lproj;
			sourceTree = "<group>";
		};
		4EF43651173217850002E01E /* da.lproj */ = {
			isa = PBXGroup;
			children = (
				4EF43652173217850002E01E /* AppiraterLocalizable.strings */,
			);
			name = da.lproj;
			path = AppiRater/da.lproj;
			sourceTree = "<group>";
		};
		4EF43654173217850002E01E /* de.lproj */ = {
			isa = PBXGroup;
			children = (
				4EF43655173217850002E01E /* AppiraterLocalizable.strings */,
			);
			name = de.lproj;
			path = AppiRater/de.lproj;
			sourceTree = "<group>";
		};
		4EF43657173217850002E01E /* el.lproj */ = {
			isa = PBXGroup;
			children = (
				4EF43658173217850002E01E /* AppiraterLocalizable.strings */,
			);
			name = el.lproj;
			path = AppiRater/el.lproj;
			sourceTree = "<group>";
		};
		4EF4365A173217850002E01E /* en.lproj */ = {
			isa = PBXGroup;
			children = (
				4EF4365B173217850002E01E /* AppiraterLocalizable.strings */,
			);
			name = en.lproj;
			path = AppiRater/en.lproj;
			sourceTree = "<group>";
		};
		4EF4365D173217850002E01E /* es.lproj */ = {
			isa = PBXGroup;
			children = (
				4EF4365E173217850002E01E /* AppiraterLocalizable.strings */,
			);
			name = es.lproj;
			path = AppiRater/es.lproj;
			sourceTree = "<group>";
		};
		4EF43660173217860002E01E /* fi.lproj */ = {
			isa = PBXGroup;
			children = (
				4EF43661173217860002E01E /* AppiraterLocalizable.strings */,
			);
			name = fi.lproj;
			path = AppiRater/fi.lproj;
			sourceTree = "<group>";
		};
		4EF43663173217860002E01E /* fr.lproj */ = {
			isa = PBXGroup;
			children = (
				4EF43664173217860002E01E /* AppiraterLocalizable.strings */,
			);
			name = fr.lproj;
			path = AppiRater/fr.lproj;
			sourceTree = "<group>";
		};
		4EF43666173217860002E01E /* he.lproj */ = {
			isa = PBXGroup;
			children = (
				4EF43667173217860002E01E /* AppiraterLocalizable.strings */,
			);
			name = he.lproj;
			path = AppiRater/he.lproj;
			sourceTree = "<group>";
		};
		4EF43669173217860002E01E /* hu.lproj */ = {
			isa = PBXGroup;
			children = (
				4EF4366A173217860002E01E /* AppiraterLocalizable.strings */,
			);
			name = hu.lproj;
			path = AppiRater/hu.lproj;
			sourceTree = "<group>";
		};
		4EF4366C173217860002E01E /* it.lproj */ = {
			isa = PBXGroup;
			children = (
				4EF4366D173217860002E01E /* AppiraterLocalizable.strings */,
			);
			name = it.lproj;
			path = AppiRater/it.lproj;
			sourceTree = "<group>";
		};
		4EF4366F173217860002E01E /* ja.lproj */ = {
			isa = PBXGroup;
			children = (
				4EF43670173217860002E01E /* AppiraterLocalizable.strings */,
			);
			name = ja.lproj;
			path = AppiRater/ja.lproj;
			sourceTree = "<group>";
		};
		4EF43672173217860002E01E /* ko.lproj */ = {
			isa = PBXGroup;
			children = (
				4EF43673173217860002E01E /* AppiraterLocalizable.strings */,
			);
			name = ko.lproj;
			path = AppiRater/ko.lproj;
			sourceTree = "<group>";
		};
		4EF43675173217860002E01E /* nb.lproj */ = {
			isa = PBXGroup;
			children = (
				4EF43676173217860002E01E /* AppiraterLocalizable.strings */,
			);
			name = nb.lproj;
			path = AppiRater/nb.lproj;
			sourceTree = "<group>";
		};
		4EF43678173217860002E01E /* nl.lproj */ = {
			isa = PBXGroup;
			children = (
				4EF43679173217860002E01E /* AppiraterLocalizable.strings */,
			);
			name = nl.lproj;
			path = AppiRater/nl.lproj;
			sourceTree = "<group>";
		};
		4EF4367B173217860002E01E /* pl.lproj */ = {
			isa = PBXGroup;
			children = (
				4EF4367C173217860002E01E /* AppiraterLocalizable.strings */,
			);
			name = pl.lproj;
			path = AppiRater/pl.lproj;
			sourceTree = "<group>";
		};
		4EF4367E173217860002E01E /* pt.lproj */ = {
			isa = PBXGroup;
			children = (
				4EF4367F173217860002E01E /* AppiraterLocalizable.strings */,
			);
			name = pt.lproj;
			path = AppiRater/pt.lproj;
			sourceTree = "<group>";
		};
		4EF43682173217860002E01E /* ro.lproj */ = {
			isa = PBXGroup;
			children = (
				4EF43683173217860002E01E /* AppiraterLocalizable.strings */,
			);
			name = ro.lproj;
			path = AppiRater/ro.lproj;
			sourceTree = "<group>";
		};
		4EF43685173217860002E01E /* ru.lproj */ = {
			isa = PBXGroup;
			children = (
				4EF43686173217860002E01E /* AppiraterLocalizable.strings */,
			);
			name = ru.lproj;
			path = AppiRater/ru.lproj;
			sourceTree = "<group>";
		};
		4EF43688173217860002E01E /* sk.lproj */ = {
			isa = PBXGroup;
			children = (
				4EF43689173217860002E01E /* AppiraterLocalizable.strings */,
			);
			name = sk.lproj;
			path = AppiRater/sk.lproj;
			sourceTree = "<group>";
		};
		4EF4368B173217860002E01E /* sv.lproj */ = {
			isa = PBXGroup;
			children = (
				4EF4368C173217860002E01E /* AppiraterLocalizable.strings */,
			);
			name = sv.lproj;
			path = AppiRater/sv.lproj;
			sourceTree = "<group>";
		};
		4EF4368E173217860002E01E /* tr.lproj */ = {
			isa = PBXGroup;
			children = (
				4EF4368F173217860002E01E /* AppiraterLocalizable.strings */,
			);
			name = tr.lproj;
			path = AppiRater/tr.lproj;
			sourceTree = "<group>";
		};
		4EF43691173217860002E01E /* zh-Hans.lproj */ = {
			isa = PBXGroup;
			children = (
				4EF43692173217860002E01E /* AppiraterLocalizable.strings */,
			);
			name = "zh-Hans.lproj";
			path = "AppiRater/zh-Hans.lproj";
			sourceTree = "<group>";
		};
		4EF43694173217860002E01E /* zh-Hant.lproj */ = {
			isa = PBXGroup;
			children = (
				4EF43695173217860002E01E /* AppiraterLocalizable.strings */,
			);
			name = "zh-Hant.lproj";
			path = "AppiRater/zh-Hant.lproj";
			sourceTree = "<group>";
		};
/* End PBXGroup section */

/* Begin PBXNativeTarget section */
		4E898C1F15FA989D000E9677 /* Wild Swipe */ = {
			isa = PBXNativeTarget;
			buildConfigurationList = 4E898C4415FA989D000E9677 /* Build configuration list for PBXNativeTarget "Wild Swipe" */;
			buildPhases = (
				4E898C1C15FA989D000E9677 /* Sources */,
				4E898C1D15FA989D000E9677 /* Frameworks */,
				4E898C1E15FA989D000E9677 /* Resources */,
				4ED158A8172E877000801970 /* ShellScript */,
			);
			buildRules = (
			);
			dependencies = (
			);
			name = "Wild Swipe";
			productName = Chimera;
			productReference = 4E898C2015FA989D000E9677 /* Chimera.app */;
			productType = "com.apple.product-type.application";
		};
/* End PBXNativeTarget section */

/* Begin PBXProject section */
		4E898C1715FA989D000E9677 /* Project object */ = {
			isa = PBXProject;
			attributes = {
				LastUpgradeCheck = 0460;
				ORGANIZATIONNAME = LesBandits.com;
			};
			buildConfigurationList = 4E898C1A15FA989D000E9677 /* Build configuration list for PBXProject "Wild Swipe" */;
			compatibilityVersion = "Xcode 3.2";
			developmentRegion = English;
			hasScannedForEncodings = 0;
			knownRegions = (
				en,
				ca,
				cs,
				da,
				de,
				el,
				es,
				fi,
				fr,
				he,
				hu,
				it,
				ja,
				ko,
				nb,
				nl,
				pl,
				pt,
				ro,
				ru,
				sk,
				sv,
				tr,
				"zh-Hans",
				"zh-Hant",
			);
			mainGroup = 4E898C1515FA989D000E9677;
			productRefGroup = 4E898C2115FA989D000E9677 /* Products */;
			projectDirPath = "";
			projectRoot = "";
			targets = (
				4E898C1F15FA989D000E9677 /* Wild Swipe */,
			);
		};
/* End PBXProject section */

/* Begin PBXResourcesBuildPhase section */
		4E898C1E15FA989D000E9677 /* Resources */ = {
			isa = PBXResourcesBuildPhase;
			buildActionMask = 2147483647;
			files = (
				4E898C2F15FA989D000E9677 /* InfoPlist.strings in Resources */,
				4E898C3815FA989D000E9677 /* MainStoryboard_iPhone.storyboard in Resources */,
				4E898C3B15FA989D000E9677 /* MainStoryboard_iPad.storyboard in Resources */,
				4E2A7028160A7059007AC03B /* part_body_blur_0001.png in Resources */,
				4E2A7029160A7059007AC03B /* part_body_blur_0002.png in Resources */,
				4E2A702A160A7059007AC03B /* part_body_blur_0003.png in Resources */,
				4E2A702B160A7059007AC03B /* part_body_blur_0004.png in Resources */,
				4E2A702C160A7059007AC03B /* part_body_blur_0005.png in Resources */,
				4E2A702D160A7059007AC03B /* part_body_blur_0006.png in Resources */,
				4E2A702E160A7059007AC03B /* part_feet_blur_0001.png in Resources */,
				4E2A702F160A7059007AC03B /* part_feet_blur_0002.png in Resources */,
				4E2A7030160A7059007AC03B /* part_feet_blur_0003.png in Resources */,
				4E2A7031160A7059007AC03B /* part_feet_blur_0004.png in Resources */,
				4E2A7032160A7059007AC03B /* part_feet_blur_0005.png in Resources */,
				4E2A7033160A7059007AC03B /* part_feet_blur_0006.png in Resources */,
				4E2A7034160A7059007AC03B /* part_head_blur_0001.png in Resources */,
				4E2A7035160A7059007AC03B /* part_head_blur_0002.png in Resources */,
				4E2A7036160A7059007AC03B /* part_head_blur_0003.png in Resources */,
				4E2A7037160A7059007AC03B /* part_head_blur_0004.png in Resources */,
				4E2A7038160A7059007AC03B /* part_head_blur_0005.png in Resources */,
				4E2A7039160A7059007AC03B /* part_head_blur_0006.png in Resources */,
				4E2A703A160A7059007AC03B /* part_body_0001.png in Resources */,
				4E2A703B160A7059007AC03B /* part_body_0002.png in Resources */,
				4E2A703C160A7059007AC03B /* part_body_0003.png in Resources */,
				4E2A703D160A7059007AC03B /* part_body_0004.png in Resources */,
				4E2A703E160A7059007AC03B /* part_body_0005.png in Resources */,
				4E2A703F160A7059007AC03B /* part_body_0006.png in Resources */,
				4E2A7040160A7059007AC03B /* part_feet_0001.png in Resources */,
				4E2A7041160A7059007AC03B /* part_feet_0002.png in Resources */,
				4E2A7042160A7059007AC03B /* part_feet_0003.png in Resources */,
				4E2A7043160A7059007AC03B /* part_feet_0004.png in Resources */,
				4E2A7044160A7059007AC03B /* part_feet_0005.png in Resources */,
				4E2A7045160A7059007AC03B /* part_feet_0006.png in Resources */,
				4E2A7046160A7059007AC03B /* part_head_0001.png in Resources */,
				4E2A7047160A7059007AC03B /* part_head_0002.png in Resources */,
				4E2A7048160A7059007AC03B /* part_head_0003.png in Resources */,
				4E2A7049160A7059007AC03B /* part_head_0004.png in Resources */,
				4E2A704A160A7059007AC03B /* part_head_0005.png in Resources */,
				4E2A704B160A7059007AC03B /* part_head_0006.png in Resources */,
				4E8810AA160A904200578D34 /* Default.png in Resources */,
				4E8810AD160A90C900578D34 /* app-icon@2x.png in Resources */,
				4E8810AF160A90CC00578D34 /* app-icon@1x.png in Resources */,
				4E3BA1EA160AC40A003AF9B3 /* Default-568h@2x.png in Resources */,
				4E60E3E4160ACFAF003476EC /* app-icon-ipad@2x.png in Resources */,
				4E60E3E6160ACFCB003476EC /* app-icon-ipad.png in Resources */,
				4E60E3E8160ACFFE003476EC /* app-icon-iphone@2x.png in Resources */,
				4E60E3ED160AD0F6003476EC /* background_0001.png in Resources */,
				4E60E3EE160AD0F6003476EC /* background_0002.png in Resources */,
				4E02F3EB1626175800C6B8DD /* blink-flash_0001.png in Resources */,
				4E02F3EC1626175800C6B8DD /* blink-flash_0002.png in Resources */,
				4E4057A2172CC5AD006D8A4F /* dans_la_jungle.mp3 in Resources */,
				4E2C37E6172DD211004E06AD /* whip_whoosh_large_dowel_rod.mp3 in Resources */,
				4ED158A4172E863000801970 /* README.md in Resources */,
				4ED158A5172E863000801970 /* release_notes.md in Resources */,
				4EE01320172F396200934896 /* cheering.mp3 in Resources */,
				4EE013331730BA6700934896 /* settings@2x.png in Resources */,
				4EE013341730BA6700934896 /* settings.png in Resources */,
				4EE013381730BCDA00934896 /* ideo_60x60_white_0002.png in Resources */,
				4EE0133A1730BD3D00934896 /* ligne.png in Resources */,
				4EF43698173217860002E01E /* Appirater.podspec in Resources */,
				4EF4369E173217860002E01E /* AppiraterLocalizable.strings in Resources */,
				4EF436BD173249D40002E01E /* part_body_0008.png in Resources */,
				4EF436BE173249D40002E01E /* part_body_0007.png in Resources */,
				4EF436BF173249D40002E01E /* part_head_0007.png in Resources */,
				4EF436C0173249D40002E01E /* part_head_0008.png in Resources */,
				4EF436C1173249D40002E01E /* part_feet_0008.png in Resources */,
				4EF436C2173249D40002E01E /* part_feet_0007.png in Resources */,
				4EF436D2173273E10002E01E /* ideo_60x60_white_0003.png in Resources */,
				4EF436D8173276660002E01E /* onoff_state0001.png in Resources */,
				4EF436D9173276660002E01E /* onoff_state0002.png in Resources */,
				4ED24C18173320C90024AE01 /* logo-lesbandits-60x80.png in Resources */,
				4ED24C1B173325290024AE01 /* switch_off.png in Resources */,
				4ED24C1C173325290024AE01 /* switch_on.png in Resources */,
				4ED24C1E17332F070024AE01 /* random.mp3 in Resources */,
				4ED24C33173399EB0024AE01 /* part_body_blur_0007.png in Resources */,
				4ED24C34173399EB0024AE01 /* part_body_blur_0008.png in Resources */,
				4ED24C35173399EB0024AE01 /* part_feet_blur_0007.png in Resources */,
				4ED24C36173399EB0024AE01 /* part_feet_blur_0008.png in Resources */,
				4ED24C37173399EB0024AE01 /* part_head_blur_0007.png in Resources */,
				4ED24C38173399EB0024AE01 /* part_head_blur_0008.png in Resources */,
				4ED24C3A1733A24C0024AE01 /* button.png in Resources */,
				4ED24C3C173493280024AE01 /* button-pressed.png in Resources */,
				4ED24C3E173493690024AE01 /* animals-group.png in Resources */,
				4EA3605617386FEC00AF9503 /* Default@2x.png in Resources */,
				4EA36058173870A500AF9503 /* small icon.png in Resources */,
				4EA3605A173870A700AF9503 /* large icon.png in Resources */,
				4EA3605D1738713500AF9503 /* logo_chimera.png in Resources */,
				4EA3605E1738713500AF9503 /* logo_wildswipe-130x100.png in Resources */,
			);
			runOnlyForDeploymentPostprocessing = 0;
		};
/* End PBXResourcesBuildPhase section */

/* Begin PBXShellScriptBuildPhase section */
		4ED158A8172E877000801970 /* ShellScript */ = {
			isa = PBXShellScriptBuildPhase;
			buildActionMask = 2147483647;
			files = (
			);
			inputPaths = (
			);
			outputPaths = (
			);
			runOnlyForDeploymentPostprocessing = 0;
			shellPath = /bin/sh;
			shellScript = "./Crashlytics.framework/run 7e3a885f3571e836c73ceff201073edd359e84d5";
		};
/* End PBXShellScriptBuildPhase section */

/* Begin PBXSourcesBuildPhase section */
		4E898C1C15FA989D000E9677 /* Sources */ = {
			isa = PBXSourcesBuildPhase;
			buildActionMask = 2147483647;
			files = (
				4E898C3115FA989D000E9677 /* main.m in Sources */,
				4E898C3515FA989D000E9677 /* AppDelegate.m in Sources */,
				4E898C3E15FA989D000E9677 /* MainViewController.m in Sources */,
				4E898C4115FA989D000E9677 /* FlipsideViewController.m in Sources */,
				4E21290116151440003290E9 /* MG_LoopScrollView.m in Sources */,
				4E9A3E3216253484003A4DB5 /* NSMutableArray+Shuffable.m in Sources */,
				4EE0133017306CDF00934896 /* PaymentProcessor.m in Sources */,
				4EF43697173217860002E01E /* Appirater.m in Sources */,
				4EF436D5173274BC0002E01E /* SettingsViewController.m in Sources */,
				4ED24C2C1733397F0024AE01 /* Preferences.m in Sources */,
				4EAD08401734E26500DE5EBE /* PurchaseScreenViewController.m in Sources */,
			);
			runOnlyForDeploymentPostprocessing = 0;
		};
/* End PBXSourcesBuildPhase section */

/* Begin PBXVariantGroup section */
		4E898C2D15FA989D000E9677 /* InfoPlist.strings */ = {
			isa = PBXVariantGroup;
			children = (
				4E898C2E15FA989D000E9677 /* en */,
			);
			name = InfoPlist.strings;
			sourceTree = "<group>";
		};
		4E898C3615FA989D000E9677 /* MainStoryboard_iPhone.storyboard */ = {
			isa = PBXVariantGroup;
			children = (
				4E898C3715FA989D000E9677 /* en */,
			);
			name = MainStoryboard_iPhone.storyboard;
			sourceTree = "<group>";
		};
		4E898C3915FA989D000E9677 /* MainStoryboard_iPad.storyboard */ = {
			isa = PBXVariantGroup;
			children = (
				4E898C3A15FA989D000E9677 /* en */,
			);
			name = MainStoryboard_iPad.storyboard;
			sourceTree = "<group>";
		};
		4EF4364C173217850002E01E /* AppiraterLocalizable.strings */ = {
			isa = PBXVariantGroup;
			children = (
				4EF4364D173217850002E01E /* ca */,
			);
			name = AppiraterLocalizable.strings;
			sourceTree = "<group>";
		};
		4EF4364F173217850002E01E /* AppiraterLocalizable.strings */ = {
			isa = PBXVariantGroup;
			children = (
				4EF43650173217850002E01E /* cs */,
			);
			name = AppiraterLocalizable.strings;
			sourceTree = "<group>";
		};
		4EF43652173217850002E01E /* AppiraterLocalizable.strings */ = {
			isa = PBXVariantGroup;
			children = (
				4EF43653173217850002E01E /* da */,
			);
			name = AppiraterLocalizable.strings;
			sourceTree = "<group>";
		};
		4EF43655173217850002E01E /* AppiraterLocalizable.strings */ = {
			isa = PBXVariantGroup;
			children = (
				4EF43656173217850002E01E /* de */,
			);
			name = AppiraterLocalizable.strings;
			sourceTree = "<group>";
		};
		4EF43658173217850002E01E /* AppiraterLocalizable.strings */ = {
			isa = PBXVariantGroup;
			children = (
				4EF43659173217850002E01E /* el */,
			);
			name = AppiraterLocalizable.strings;
			sourceTree = "<group>";
		};
		4EF4365B173217850002E01E /* AppiraterLocalizable.strings */ = {
			isa = PBXVariantGroup;
			children = (
				4EF4365C173217850002E01E /* en */,
			);
			name = AppiraterLocalizable.strings;
			sourceTree = "<group>";
		};
		4EF4365E173217850002E01E /* AppiraterLocalizable.strings */ = {
			isa = PBXVariantGroup;
			children = (
				4EF4365F173217860002E01E /* es */,
			);
			name = AppiraterLocalizable.strings;
			sourceTree = "<group>";
		};
		4EF43661173217860002E01E /* AppiraterLocalizable.strings */ = {
			isa = PBXVariantGroup;
			children = (
				4EF43662173217860002E01E /* fi */,
			);
			name = AppiraterLocalizable.strings;
			sourceTree = "<group>";
		};
		4EF43664173217860002E01E /* AppiraterLocalizable.strings */ = {
			isa = PBXVariantGroup;
			children = (
				4EF43665173217860002E01E /* fr */,
			);
			name = AppiraterLocalizable.strings;
			sourceTree = "<group>";
		};
		4EF43667173217860002E01E /* AppiraterLocalizable.strings */ = {
			isa = PBXVariantGroup;
			children = (
				4EF43668173217860002E01E /* he */,
			);
			name = AppiraterLocalizable.strings;
			sourceTree = "<group>";
		};
		4EF4366A173217860002E01E /* AppiraterLocalizable.strings */ = {
			isa = PBXVariantGroup;
			children = (
				4EF4366B173217860002E01E /* hu */,
			);
			name = AppiraterLocalizable.strings;
			sourceTree = "<group>";
		};
		4EF4366D173217860002E01E /* AppiraterLocalizable.strings */ = {
			isa = PBXVariantGroup;
			children = (
				4EF4366E173217860002E01E /* it */,
			);
			name = AppiraterLocalizable.strings;
			sourceTree = "<group>";
		};
		4EF43670173217860002E01E /* AppiraterLocalizable.strings */ = {
			isa = PBXVariantGroup;
			children = (
				4EF43671173217860002E01E /* ja */,
			);
			name = AppiraterLocalizable.strings;
			sourceTree = "<group>";
		};
		4EF43673173217860002E01E /* AppiraterLocalizable.strings */ = {
			isa = PBXVariantGroup;
			children = (
				4EF43674173217860002E01E /* ko */,
			);
			name = AppiraterLocalizable.strings;
			sourceTree = "<group>";
		};
		4EF43676173217860002E01E /* AppiraterLocalizable.strings */ = {
			isa = PBXVariantGroup;
			children = (
				4EF43677173217860002E01E /* nb */,
			);
			name = AppiraterLocalizable.strings;
			sourceTree = "<group>";
		};
		4EF43679173217860002E01E /* AppiraterLocalizable.strings */ = {
			isa = PBXVariantGroup;
			children = (
				4EF4367A173217860002E01E /* nl */,
			);
			name = AppiraterLocalizable.strings;
			sourceTree = "<group>";
		};
		4EF4367C173217860002E01E /* AppiraterLocalizable.strings */ = {
			isa = PBXVariantGroup;
			children = (
				4EF4367D173217860002E01E /* pl */,
			);
			name = AppiraterLocalizable.strings;
			sourceTree = "<group>";
		};
		4EF4367F173217860002E01E /* AppiraterLocalizable.strings */ = {
			isa = PBXVariantGroup;
			children = (
				4EF43680173217860002E01E /* pt */,
			);
			name = AppiraterLocalizable.strings;
			sourceTree = "<group>";
		};
		4EF43683173217860002E01E /* AppiraterLocalizable.strings */ = {
			isa = PBXVariantGroup;
			children = (
				4EF43684173217860002E01E /* ro */,
			);
			name = AppiraterLocalizable.strings;
			sourceTree = "<group>";
		};
		4EF43686173217860002E01E /* AppiraterLocalizable.strings */ = {
			isa = PBXVariantGroup;
			children = (
				4EF43687173217860002E01E /* ru */,
			);
			name = AppiraterLocalizable.strings;
			sourceTree = "<group>";
		};
		4EF43689173217860002E01E /* AppiraterLocalizable.strings */ = {
			isa = PBXVariantGroup;
			children = (
				4EF4368A173217860002E01E /* sk */,
			);
			name = AppiraterLocalizable.strings;
			sourceTree = "<group>";
		};
		4EF4368C173217860002E01E /* AppiraterLocalizable.strings */ = {
			isa = PBXVariantGroup;
			children = (
				4EF4368D173217860002E01E /* sv */,
			);
			name = AppiraterLocalizable.strings;
			sourceTree = "<group>";
		};
		4EF4368F173217860002E01E /* AppiraterLocalizable.strings */ = {
			isa = PBXVariantGroup;
			children = (
				4EF43690173217860002E01E /* tr */,
			);
			name = AppiraterLocalizable.strings;
			sourceTree = "<group>";
		};
		4EF43692173217860002E01E /* AppiraterLocalizable.strings */ = {
			isa = PBXVariantGroup;
			children = (
				4EF43693173217860002E01E /* zh-Hans */,
			);
			name = AppiraterLocalizable.strings;
			sourceTree = "<group>";
		};
		4EF43695173217860002E01E /* AppiraterLocalizable.strings */ = {
			isa = PBXVariantGroup;
			children = (
				4EF43696173217860002E01E /* zh-Hant */,
			);
			name = AppiraterLocalizable.strings;
			sourceTree = "<group>";
		};
/* End PBXVariantGroup section */

/* Begin XCBuildConfiguration section */
		4E898C4215FA989D000E9677 /* Debug */ = {
			isa = XCBuildConfiguration;
			buildSettings = {
				ALWAYS_SEARCH_USER_PATHS = NO;
				ARCHS = "$(ARCHS_STANDARD_32_BIT)";
				CLANG_CXX_LANGUAGE_STANDARD = "gnu++0x";
				CLANG_ENABLE_OBJC_ARC = YES;
				CLANG_WARN_CONSTANT_CONVERSION = YES;
				CLANG_WARN_ENUM_CONVERSION = YES;
				CLANG_WARN_INT_CONVERSION = YES;
				CLANG_WARN__DUPLICATE_METHOD_MATCH = YES;
				"CODE_SIGN_IDENTITY[sdk=iphoneos*]" = "iPhone Developer";
				COPY_PHASE_STRIP = NO;
				GCC_C_LANGUAGE_STANDARD = gnu99;
				GCC_DYNAMIC_NO_PIC = NO;
				GCC_OPTIMIZATION_LEVEL = 0;
				GCC_PREPROCESSOR_DEFINITIONS = (
					"DEBUG=1",
					"$(inherited)",
				);
				GCC_SYMBOLS_PRIVATE_EXTERN = NO;
				GCC_VERSION = com.apple.compilers.llvm.clang.1_0;
				GCC_WARN_ABOUT_RETURN_TYPE = YES;
				GCC_WARN_UNINITIALIZED_AUTOS = YES;
				GCC_WARN_UNUSED_VARIABLE = YES;
				IPHONEOS_DEPLOYMENT_TARGET = 5.1;
				SDKROOT = iphoneos;
				TARGETED_DEVICE_FAMILY = "1,2";
			};
			name = Debug;
		};
		4E898C4315FA989D000E9677 /* Release */ = {
			isa = XCBuildConfiguration;
			buildSettings = {
				ALWAYS_SEARCH_USER_PATHS = NO;
				ARCHS = "$(ARCHS_STANDARD_32_BIT)";
				CLANG_CXX_LANGUAGE_STANDARD = "gnu++0x";
				CLANG_ENABLE_OBJC_ARC = YES;
				CLANG_WARN_CONSTANT_CONVERSION = YES;
				CLANG_WARN_ENUM_CONVERSION = YES;
				CLANG_WARN_INT_CONVERSION = YES;
				CLANG_WARN__DUPLICATE_METHOD_MATCH = YES;
				"CODE_SIGN_IDENTITY[sdk=iphoneos*]" = "iPhone Developer";
				COPY_PHASE_STRIP = YES;
				GCC_C_LANGUAGE_STANDARD = gnu99;
				GCC_VERSION = com.apple.compilers.llvm.clang.1_0;
				GCC_WARN_ABOUT_RETURN_TYPE = YES;
				GCC_WARN_UNINITIALIZED_AUTOS = YES;
				GCC_WARN_UNUSED_VARIABLE = YES;
				IPHONEOS_DEPLOYMENT_TARGET = 5.1;
				OTHER_CFLAGS = "-DNS_BLOCK_ASSERTIONS=1";
				SDKROOT = iphoneos;
				TARGETED_DEVICE_FAMILY = "1,2";
				VALIDATE_PRODUCT = YES;
			};
			name = Release;
		};
		4E898C4515FA989D000E9677 /* Debug */ = {
			isa = XCBuildConfiguration;
			buildSettings = {
				CODE_SIGN_IDENTITY = "iPhone Developer: Mathieu Gardere (A87VKJVU39)";
				"CODE_SIGN_IDENTITY[sdk=iphoneos*]" = "iPhone Developer: Mathieu Gardere (A87VKJVU39)";
				FRAMEWORK_SEARCH_PATHS = (
					"$(inherited)",
					"\"$(SRCROOT)\"",
				);
				GCC_PRECOMPILE_PREFIX_HEADER = YES;
				GCC_PREFIX_HEADER = "Chimera/Chimera-Prefix.pch";
				INFOPLIST_FILE = "Chimera/Chimera-Info.plist";
				IPHONEOS_DEPLOYMENT_TARGET = 5.0;
				LIBRARY_SEARCH_PATHS = (
					"$(inherited)",
					"\"$(SRCROOT)\"",
				);
				PRODUCT_NAME = "$(TARGET_NAME)";
				PROVISIONING_PROFILE = "AD2F1686-40A9-47C9-9580-A7E41AC92F80";
				"PROVISIONING_PROFILE[sdk=iphoneos*]" = "AD2F1686-40A9-47C9-9580-A7E41AC92F80";
				TARGETED_DEVICE_FAMILY = 1;
				WRAPPER_EXTENSION = app;
			};
			name = Debug;
		};
		4E898C4615FA989D000E9677 /* Release */ = {
			isa = XCBuildConfiguration;
			buildSettings = {
				CODE_SIGN_IDENTITY = "iPhone Distribution: vincent bernet";
				"CODE_SIGN_IDENTITY[sdk=iphoneos*]" = "iPhone Distribution: vincent bernet";
				FRAMEWORK_SEARCH_PATHS = (
					"$(inherited)",
					"\"$(SRCROOT)\"",
				);
				GCC_PRECOMPILE_PREFIX_HEADER = YES;
				GCC_PREFIX_HEADER = "Chimera/Chimera-Prefix.pch";
				INFOPLIST_FILE = "Chimera/Chimera-Info.plist";
				IPHONEOS_DEPLOYMENT_TARGET = 5.0;
				LIBRARY_SEARCH_PATHS = (
					"$(inherited)",
					"\"$(SRCROOT)\"",
				);
				PRODUCT_NAME = "$(TARGET_NAME)";
				PROVISIONING_PROFILE = "EFDCA37F-2560-4F88-A862-A00A40D66DC7";
				"PROVISIONING_PROFILE[sdk=iphoneos*]" = "EFDCA37F-2560-4F88-A862-A00A40D66DC7";
				TARGETED_DEVICE_FAMILY = 1;
				WRAPPER_EXTENSION = app;
			};
			name = Release;
		};
/* End XCBuildConfiguration section */

/* Begin XCConfigurationList section */
		4E898C1A15FA989D000E9677 /* Build configuration list for PBXProject "Wild Swipe" */ = {
			isa = XCConfigurationList;
			buildConfigurations = (
				4E898C4215FA989D000E9677 /* Debug */,
				4E898C4315FA989D000E9677 /* Release */,
			);
			defaultConfigurationIsVisible = 0;
			defaultConfigurationName = Release;
		};
		4E898C4415FA989D000E9677 /* Build configuration list for PBXNativeTarget "Wild Swipe" */ = {
			isa = XCConfigurationList;
			buildConfigurations = (
				4E898C4515FA989D000E9677 /* Debug */,
				4E898C4615FA989D000E9677 /* Release */,
			);
			defaultConfigurationIsVisible = 0;
			defaultConfigurationName = Release;
		};
/* End XCConfigurationList section */
	};
	rootObject = 4E898C1715FA989D000E9677 /* Project object */;
}
